
Microsoft Visual Studio Solution File, Format Version 12.00
# Visual Studio 15
VisualStudioVersion = 15.0.27130.2010
MinimumVisualStudioVersion = 10.0.40219.1
Project("{8BC9CEB8-8B4A-11D0-8D11-00A0C91BC942}") = "7-1(1)", "7-1(1)\7-1(1).vcxproj", "{F4224297-841C-4006-86AA-98089F052480}"
EndProject
Project("{8BC9CEB8-8B4A-11D0-8D11-00A0C91BC942}") = "7-1(2)", "7-1(2)\7-1(2).vcxproj", "{6DB57316-EC53-487C-B4C7-92131DBA84CA}"
EndProject
Project("{8BC9CEB8-8B4A-11D0-8D11-00A0C91BC942}") = "7-2(1)", "7-2(1)\7-2(1).vcxproj", "{7B1BC1E2-5A65-43A2-90C8-063815B5E50A}"
EndProject
Project("{8BC9CEB8-8B4A-11D0-8D11-00A0C91BC942}") = "7-2(2)", "7-2(2)\7-2(2).vcxproj", "{458820B9-B3AF-43C2-BCE0-F1E075AE99CF}"
EndProject
Project("{8BC9CEB8-8B4A-11D0-8D11-00A0C91BC942}") = "7-3", "7-3\7-3.vcxproj", "{D6C6A962-386F-4AF3-95B4-A323917BD850}"
EndProject
Project("{8BC9CEB8-8B4A-11D0-8D11-00A0C91BC942}") = "7-4", "7-4\7-4.vcxproj", "{6B4B0166-3AA4-47F0-B636-63741323F040}"
EndProject
Project("{8BC9CEB8-8B4A-11D0-8D11-00A0C91BC942}") = "7-5(1)", "7-5(1)\7-5(1).vcxproj", "{E2CCEE1A-FD7D-42A1-B0C9-4824EDC57E4D}"
EndProject
Project("{8BC9CEB8-8B4A-11D0-8D11-00A0C91BC942}") = "7-5(2)", "7-5(2)\7-5(2).vcxproj", "{64423655-DACE-406E-8F99-155ED42A8CA5}"
EndProject
Project("{8BC9CEB8-8B4A-11D0-8D11-00A0C91BC942}") = "7-6(1)", "7-6(1)\7-6(1).vcxproj", "{D40EDA95-6354-446B-945E-F489306DDC7F}"
EndProject
Project("{8BC9CEB8-8B4A-11D0-8D11-00A0C91BC942}") = "7-6(2)", "7-6(2)\7-6(2).vcxproj", "{0F6DF05F-364E-4375-B194-CEFEAC9F5062}"
EndProject
Project("{8BC9CEB8-8B4A-11D0-8D11-00A0C91BC942}") = "7-8", "7-8\7-8.vcxproj", "{0F913700-9177-4278-AE82-20A7060429D1}"
EndProject
Project("{8BC9CEB8-8B4A-11D0-8D11-00A0C91BC942}") = "7-9", "7-9\7-9.vcxproj", "{91BA7BA8-59D5-491B-B9C6-67B5EF6606B8}"
EndProject
Project("{8BC9CEB8-8B4A-11D0-8D11-00A0C91BC942}") = "7-10", "7-10\7-10.vcxproj", "{3048D789-41DE-4C67-8582-4CA85D5756BD}"
EndProject
Project("{8BC9CEB8-8B4A-11D0-8D11-00A0C91BC942}") = "7-7(1)", "7-7(1)\7-7(1).vcxproj", "{FA5017C8-AFA6-4620-BB5D-B49C7D2EB9C6}"
EndProject
Project("{8BC9CEB8-8B4A-11D0-8D11-00A0C91BC942}") = "7-7(2)", "7-7(2)\7-7(2).vcxproj", "{1700656A-1CDA-4756-8CCD-A757759E8E2F}"
EndProject
Project("{8BC9CEB8-8B4A-11D0-8D11-00A0C91BC942}") = "7-11", "7-11\7-11.vcxproj", "{2DB289DB-9597-445F-B8B0-C0523F7E986B}"
EndProject
Project("{8BC9CEB8-8B4A-11D0-8D11-00A0C91BC942}") = "7-12", "7-12\7-12.vcxproj", "{012E21F0-3545-4DF4-9589-9B4DC0021311}"
EndProject
Global
	GlobalSection(SolutionConfigurationPlatforms) = preSolution
		Debug|x64 = Debug|x64
		Debug|x86 = Debug|x86
		Release|x64 = Release|x64
		Release|x86 = Release|x86
	EndGlobalSection
	GlobalSection(ProjectConfigurationPlatforms) = postSolution
		{F4224297-841C-4006-86AA-98089F052480}.Debug|x64.ActiveCfg = Debug|x64
		{F4224297-841C-4006-86AA-98089F052480}.Debug|x64.Build.0 = Debug|x64
		{F4224297-841C-4006-86AA-98089F052480}.Debug|x86.ActiveCfg = Debug|Win32
		{F4224297-841C-4006-86AA-98089F052480}.Debug|x86.Build.0 = Debug|Win32
		{F4224297-841C-4006-86AA-98089F052480}.Release|x64.ActiveCfg = Release|x64
		{F4224297-841C-4006-86AA-98089F052480}.Release|x64.Build.0 = Release|x64
		{F4224297-841C-4006-86AA-98089F052480}.Release|x86.ActiveCfg = Release|Win32
		{F4224297-841C-4006-86AA-98089F052480}.Release|x86.Build.0 = Release|Win32
		{6DB57316-EC53-487C-B4C7-92131DBA84CA}.Debug|x64.ActiveCfg = Debug|x64
		{6DB57316-EC53-487C-B4C7-92131DBA84CA}.Debug|x64.Build.0 = Debug|x64
		{6DB57316-EC53-487C-B4C7-92131DBA84CA}.Debug|x86.ActiveCfg = Debug|Win32
		{6DB57316-EC53-487C-B4C7-92131DBA84CA}.Debug|x86.Build.0 = Debug|Win32
		{6DB57316-EC53-487C-B4C7-92131DBA84CA}.Release|x64.ActiveCfg = Release|x64
		{6DB57316-EC53-487C-B4C7-92131DBA84CA}.Release|x64.Build.0 = Release|x64
		{6DB57316-EC53-487C-B4C7-92131DBA84CA}.Release|x86.ActiveCfg = Release|Win32
		{6DB57316-EC53-487C-B4C7-92131DBA84CA}.Release|x86.Build.0 = Release|Win32
		{7B1BC1E2-5A65-43A2-90C8-063815B5E50A}.Debug|x64.ActiveCfg = Debug|x64
		{7B1BC1E2-5A65-43A2-90C8-063815B5E50A}.Debug|x64.Build.0 = Debug|x64
		{7B1BC1E2-5A65-43A2-90C8-063815B5E50A}.Debug|x86.ActiveCfg = Debug|Win32
		{7B1BC1E2-5A65-43A2-90C8-063815B5E50A}.Debug|x86.Build.0 = Debug|Win32
		{7B1BC1E2-5A65-43A2-90C8-063815B5E50A}.Release|x64.ActiveCfg = Release|x64
		{7B1BC1E2-5A65-43A2-90C8-063815B5E50A}.Release|x64.Build.0 = Release|x64
		{7B1BC1E2-5A65-43A2-90C8-063815B5E50A}.Release|x86.ActiveCfg = Release|Win32
		{7B1BC1E2-5A65-43A2-90C8-063815B5E50A}.Release|x86.Build.0 = Release|Win32
		{458820B9-B3AF-43C2-BCE0-F1E075AE99CF}.Debug|x64.ActiveCfg = Debug|x64
		{458820B9-B3AF-43C2-BCE0-F1E075AE99CF}.Debug|x64.Build.0 = Debug|x64
		{458820B9-B3AF-43C2-BCE0-F1E075AE99CF}.Debug|x86.ActiveCfg = Debug|Win32
		{458820B9-B3AF-43C2-BCE0-F1E075AE99CF}.Debug|x86.Build.0 = Debug|Win32
		{458820B9-B3AF-43C2-BCE0-F1E075AE99CF}.Release|x64.ActiveCfg = Release|x64
		{458820B9-B3AF-43C2-BCE0-F1E075AE99CF}.Release|x64.Build.0 = Release|x64
		{458820B9-B3AF-43C2-BCE0-F1E075AE99CF}.Release|x86.ActiveCfg = Release|Win32
		{458820B9-B3AF-43C2-BCE0-F1E075AE99CF}.Release|x86.Build.0 = Release|Win32
		{D6C6A962-386F-4AF3-95B4-A323917BD850}.Debug|x64.ActiveCfg = Debug|x64
		{D6C6A962-386F-4AF3-95B4-A323917BD850}.Debug|x64.Build.0 = Debug|x64
		{D6C6A962-386F-4AF3-95B4-A323917BD850}.Debug|x86.ActiveCfg = Debug|Win32
		{D6C6A962-386F-4AF3-95B4-A323917BD850}.Debug|x86.Build.0 = Debug|Win32
		{D6C6A962-386F-4AF3-95B4-A323917BD850}.Release|x64.ActiveCfg = Release|x64
		{D6C6A962-386F-4AF3-95B4-A323917BD850}.Release|x64.Build.0 = Release|x64
		{D6C6A962-386F-4AF3-95B4-A323917BD850}.Release|x86.ActiveCfg = Release|Win32
		{D6C6A962-386F-4AF3-95B4-A323917BD850}.Release|x86.Build.0 = Release|Win32
		{6B4B0166-3AA4-47F0-B636-63741323F040}.Debug|x64.ActiveCfg = Debug|x64
		{6B4B0166-3AA4-47F0-B636-63741323F040}.Debug|x64.Build.0 = Debug|x64
		{6B4B0166-3AA4-47F0-B636-63741323F040}.Debug|x86.ActiveCfg = Debug|Win32
		{6B4B0166-3AA4-47F0-B636-63741323F040}.Debug|x86.Build.0 = Debug|Win32
		{6B4B0166-3AA4-47F0-B636-63741323F040}.Release|x64.ActiveCfg = Release|x64
		{6B4B0166-3AA4-47F0-B636-63741323F040}.Release|x64.Build.0 = Release|x64
		{6B4B0166-3AA4-47F0-B636-63741323F040}.Release|x86.ActiveCfg = Release|Win32
		{6B4B0166-3AA4-47F0-B636-63741323F040}.Release|x86.Build.0 = Release|Win32
		{E2CCEE1A-FD7D-42A1-B0C9-4824EDC57E4D}.Debug|x64.ActiveCfg = Debug|x64
		{E2CCEE1A-FD7D-42A1-B0C9-4824EDC57E4D}.Debug|x64.Build.0 = Debug|x64
		{E2CCEE1A-FD7D-42A1-B0C9-4824EDC57E4D}.Debug|x86.ActiveCfg = Debug|Win32
		{E2CCEE1A-FD7D-42A1-B0C9-4824EDC57E4D}.Debug|x86.Build.0 = Debug|Win32
		{E2CCEE1A-FD7D-42A1-B0C9-4824EDC57E4D}.Release|x64.ActiveCfg = Release|x64
		{E2CCEE1A-FD7D-42A1-B0C9-4824EDC57E4D}.Release|x64.Build.0 = Release|x64
		{E2CCEE1A-FD7D-42A1-B0C9-4824EDC57E4D}.Release|x86.ActiveCfg = Release|Win32
		{E2CCEE1A-FD7D-42A1-B0C9-4824EDC57E4D}.Release|x86.Build.0 = Release|Win32
		{64423655-DACE-406E-8F99-155ED42A8CA5}.Debug|x64.ActiveCfg = Debug|x64
		{64423655-DACE-406E-8F99-155ED42A8CA5}.Debug|x64.Build.0 = Debug|x64
		{64423655-DACE-406E-8F99-155ED42A8CA5}.Debug|x86.ActiveCfg = Debug|Win32
		{64423655-DACE-406E-8F99-155ED42A8CA5}.Debug|x86.Build.0 = Debug|Win32
		{64423655-DACE-406E-8F99-155ED42A8CA5}.Release|x64.ActiveCfg = Release|x64
		{64423655-DACE-406E-8F99-155ED42A8CA5}.Release|x64.Build.0 = Release|x64
		{64423655-DACE-406E-8F99-155ED42A8CA5}.Release|x86.ActiveCfg = Release|Win32
		{64423655-DACE-406E-8F99-155ED42A8CA5}.Release|x86.Build.0 = Release|Win32
		{D40EDA95-6354-446B-945E-F489306DDC7F}.Debug|x64.ActiveCfg = Debug|x64
		{D40EDA95-6354-446B-945E-F489306DDC7F}.Debug|x64.Build.0 = Debug|x64
		{D40EDA95-6354-446B-945E-F489306DDC7F}.Debug|x86.ActiveCfg = Debug|Win32
		{D40EDA95-6354-446B-945E-F489306DDC7F}.Debug|x86.Build.0 = Debug|Win32
		{D40EDA95-6354-446B-945E-F489306DDC7F}.Release|x64.ActiveCfg = Release|x64
		{D40EDA95-6354-446B-945E-F489306DDC7F}.Release|x64.Build.0 = Release|x64
		{D40EDA95-6354-446B-945E-F489306DDC7F}.Release|x86.ActiveCfg = Release|Win32
		{D40EDA95-6354-446B-945E-F489306DDC7F}.Release|x86.Build.0 = Release|Win32
		{0F6DF05F-364E-4375-B194-CEFEAC9F5062}.Debug|x64.ActiveCfg = Debug|x64
		{0F6DF05F-364E-4375-B194-CEFEAC9F5062}.Debug|x64.Build.0 = Debug|x64
		{0F6DF05F-364E-4375-B194-CEFEAC9F5062}.Debug|x86.ActiveCfg = Debug|Win32
		{0F6DF05F-364E-4375-B194-CEFEAC9F5062}.Debug|x86.Build.0 = Debug|Win32
		{0F6DF05F-364E-4375-B194-CEFEAC9F5062}.Release|x64.ActiveCfg = Release|x64
		{0F6DF05F-364E-4375-B194-CEFEAC9F5062}.Release|x64.Build.0 = Release|x64
		{0F6DF05F-364E-4375-B194-CEFEAC9F5062}.Release|x86.ActiveCfg = Release|Win32
		{0F6DF05F-364E-4375-B194-CEFEAC9F5062}.Release|x86.Build.0 = Release|Win32
		{0F913700-9177-4278-AE82-20A7060429D1}.Debug|x64.ActiveCfg = Debug|x64
		{0F913700-9177-4278-AE82-20A7060429D1}.Debug|x64.Build.0 = Debug|x64
		{0F913700-9177-4278-AE82-20A7060429D1}.Debug|x86.ActiveCfg = Debug|Win32
		{0F913700-9177-4278-AE82-20A7060429D1}.Debug|x86.Build.0 = Debug|Win32
		{0F913700-9177-4278-AE82-20A7060429D1}.Release|x64.ActiveCfg = Release|x64
		{0F913700-9177-4278-AE82-20A7060429D1}.Release|x64.Build.0 = Release|x64
		{0F913700-9177-4278-AE82-20A7060429D1}.Release|x86.ActiveCfg = Release|Win32
		{0F913700-9177-4278-AE82-20A7060429D1}.Release|x86.Build.0 = Release|Win32
		{91BA7BA8-59D5-491B-B9C6-67B5EF6606B8}.Debug|x64.ActiveCfg = Debug|x64
		{91BA7BA8-59D5-491B-B9C6-67B5EF6606B8}.Debug|x64.Build.0 = Debug|x64
		{91BA7BA8-59D5-491B-B9C6-67B5EF6606B8}.Debug|x86.ActiveCfg = Debug|Win32
		{91BA7BA8-59D5-491B-B9C6-67B5EF6606B8}.Debug|x86.Build.0 = Debug|Win32
		{91BA7BA8-59D5-491B-B9C6-67B5EF6606B8}.Release|x64.ActiveCfg = Release|x64
		{91BA7BA8-59D5-491B-B9C6-67B5EF6606B8}.Release|x64.Build.0 = Release|x64
		{91BA7BA8-59D5-491B-B9C6-67B5EF6606B8}.Release|x86.ActiveCfg = Release|Win32
		{91BA7BA8-59D5-491B-B9C6-67B5EF6606B8}.Release|x86.Build.0 = Release|Win32
		{3048D789-41DE-4C67-8582-4CA85D5756BD}.Debug|x64.ActiveCfg = Debug|x64
		{3048D789-41DE-4C67-8582-4CA85D5756BD}.Debug|x64.Build.0 = Debug|x64
		{3048D789-41DE-4C67-8582-4CA85D5756BD}.Debug|x86.ActiveCfg = Debug|Win32
		{3048D789-41DE-4C67-8582-4CA85D5756BD}.Debug|x86.Build.0 = Debug|Win32
		{3048D789-41DE-4C67-8582-4CA85D5756BD}.Release|x64.ActiveCfg = Release|x64
		{3048D789-41DE-4C67-8582-4CA85D5756BD}.Release|x64.Build.0 = Release|x64
		{3048D789-41DE-4C67-8582-4CA85D5756BD}.Release|x86.ActiveCfg = Release|Win32
		{3048D789-41DE-4C67-8582-4CA85D5756BD}.Release|x86.Build.0 = Release|Win32
		{FA5017C8-AFA6-4620-BB5D-B49C7D2EB9C6}.Debug|x64.ActiveCfg = Debug|x64
		{FA5017C8-AFA6-4620-BB5D-B49C7D2EB9C6}.Debug|x64.Build.0 = Debug|x64
		{FA5017C8-AFA6-4620-BB5D-B49C7D2EB9C6}.Debug|x86.ActiveCfg = Debug|Win32
		{FA5017C8-AFA6-4620-BB5D-B49C7D2EB9C6}.Debug|x86.Build.0 = Debug|Win32
		{FA5017C8-AFA6-4620-BB5D-B49C7D2EB9C6}.Release|x64.ActiveCfg = Release|x64
		{FA5017C8-AFA6-4620-BB5D-B49C7D2EB9C6}.Release|x64.Build.0 = Release|x64
		{FA5017C8-AFA6-4620-BB5D-B49C7D2EB9C6}.Release|x86.ActiveCfg = Release|Win32
		{FA5017C8-AFA6-4620-BB5D-B49C7D2EB9C6}.Release|x86.Build.0 = Release|Win32
		{1700656A-1CDA-4756-8CCD-A757759E8E2F}.Debug|x64.ActiveCfg = Debug|x64
		{1700656A-1CDA-4756-8CCD-A757759E8E2F}.Debug|x64.Build.0 = Debug|x64
		{1700656A-1CDA-4756-8CCD-A757759E8E2F}.Debug|x86.ActiveCfg = Debug|Win32
		{1700656A-1CDA-4756-8CCD-A757759E8E2F}.Debug|x86.Build.0 = Debug|Win32
		{1700656A-1CDA-4756-8CCD-A757759E8E2F}.Release|x64.ActiveCfg = Release|x64
		{1700656A-1CDA-4756-8CCD-A757759E8E2F}.Release|x64.Build.0 = Release|x64
		{1700656A-1CDA-4756-8CCD-A757759E8E2F}.Release|x86.ActiveCfg = Release|Win32
		{1700656A-1CDA-4756-8CCD-A757759E8E2F}.Release|x86.Build.0 = Release|Win32
		{2DB289DB-9597-445F-B8B0-C0523F7E986B}.Debug|x64.ActiveCfg = Debug|x64
		{2DB289DB-9597-445F-B8B0-C0523F7E986B}.Debug|x64.Build.0 = Debug|x64
		{2DB289DB-9597-445F-B8B0-C0523F7E986B}.Debug|x86.ActiveCfg = Debug|Win32
		{2DB289DB-9597-445F-B8B0-C0523F7E986B}.Debug|x86.Build.0 = Debug|Win32
		{2DB289DB-9597-445F-B8B0-C0523F7E986B}.Release|x64.ActiveCfg = Release|x64
		{2DB289DB-9597-445F-B8B0-C0523F7E986B}.Release|x64.Build.0 = Release|x64
		{2DB289DB-9597-445F-B8B0-C0523F7E986B}.Release|x86.ActiveCfg = Release|Win32
		{2DB289DB-9597-445F-B8B0-C0523F7E986B}.Release|x86.Build.0 = Release|Win32
		{012E21F0-3545-4DF4-9589-9B4DC0021311}.Debug|x64.ActiveCfg = Debug|x64
		{012E21F0-3545-4DF4-9589-9B4DC0021311}.Debug|x64.Build.0 = Debug|x64
		{012E21F0-3545-4DF4-9589-9B4DC0021311}.Debug|x86.ActiveCfg = Debug|Win32
		{012E21F0-3545-4DF4-9589-9B4DC0021311}.Debug|x86.Build.0 = Debug|Win32
		{012E21F0-3545-4DF4-9589-9B4DC0021311}.Release|x64.ActiveCfg = Release|x64
		{012E21F0-3545-4DF4-9589-9B4DC0021311}.Release|x64.Build.0 = Release|x64
		{012E21F0-3545-4DF4-9589-9B4DC0021311}.Release|x86.ActiveCfg = Release|Win32
		{012E21F0-3545-4DF4-9589-9B4DC0021311}.Release|x86.Build.0 = Release|Win32
	EndGlobalSection
	GlobalSection(SolutionProperties) = preSolution
		HideSolutionNode = FALSE
	EndGlobalSection
	GlobalSection(ExtensibilityGlobals) = postSolution
		SolutionGuid = {56697697-B3DA-48E3-9CCF-E43CC8EC7515}
	EndGlobalSection
EndGlobal
