
Microsoft Visual Studio Solution File, Format Version 12.00
# Visual Studio 15
VisualStudioVersion = 15.0.27130.2010
MinimumVisualStudioVersion = 10.0.40219.1
Project("{8BC9CEB8-8B4A-11D0-8D11-00A0C91BC942}") = "4-1", "4-1\4-1.vcxproj", "{DC5DDECC-F77A-4F62-8826-6BE0BA4B5649}"
EndProject
Project("{8BC9CEB8-8B4A-11D0-8D11-00A0C91BC942}") = "4-2", "4-2\4-2.vcxproj", "{826A5D13-3480-40EB-B113-74AC81418848}"
EndProject
Project("{8BC9CEB8-8B4A-11D0-8D11-00A0C91BC942}") = "4-4", "4-4\4-4.vcxproj", "{36DAADFE-7AEC-4B33-8858-05C59BACC143}"
EndProject
Project("{8BC9CEB8-8B4A-11D0-8D11-00A0C91BC942}") = "4-5", "4-5\4-5.vcxproj", "{1A9949D2-0E71-4923-9491-668BFE929090}"
EndProject
Project("{8BC9CEB8-8B4A-11D0-8D11-00A0C91BC942}") = "4-6", "4-6\4-6.vcxproj", "{B7AD2248-8FB9-4FA7-BF2C-E1C245B27461}"
EndProject
Project("{8BC9CEB8-8B4A-11D0-8D11-00A0C91BC942}") = "4-7", "4-7\4-7.vcxproj", "{36EA6127-5BB6-4BB6-A29F-2DB349AB3486}"
EndProject
Project("{8BC9CEB8-8B4A-11D0-8D11-00A0C91BC942}") = "4-8", "4-8\4-8.vcxproj", "{62922AE5-3709-4975-BFBE-51C42B04D478}"
EndProject
Project("{8BC9CEB8-8B4A-11D0-8D11-00A0C91BC942}") = "4-9", "4-9\4-9.vcxproj", "{4AAE90F7-C2CC-4628-B30F-BA1A225CFA49}"
EndProject
Project("{8BC9CEB8-8B4A-11D0-8D11-00A0C91BC942}") = "4-10", "4-10\4-10.vcxproj", "{8F767DFC-00B6-4FAF-A301-5A689069BB2A}"
EndProject
Project("{8BC9CEB8-8B4A-11D0-8D11-00A0C91BC942}") = "4-11", "4-11\4-11.vcxproj", "{360DAB8A-0918-479B-99CB-2D1B8D406AFB}"
EndProject
Project("{8BC9CEB8-8B4A-11D0-8D11-00A0C91BC942}") = "4-3(1)", "4-3(1)\4-3(1).vcxproj", "{F703A326-D36F-4569-8476-B51FA0A75DBA}"
EndProject
Project("{8BC9CEB8-8B4A-11D0-8D11-00A0C91BC942}") = "4-3(2)", "4-3(2)\4-3(2).vcxproj", "{979FACF1-7580-4B4B-AC52-5F5579891666}"
EndProject
Project("{8BC9CEB8-8B4A-11D0-8D11-00A0C91BC942}") = "4-12", "4-12\4-12.vcxproj", "{8F7D3159-2EDA-4A71-AB1E-7E89CA0BFAB5}"
EndProject
Project("{8BC9CEB8-8B4A-11D0-8D11-00A0C91BC942}") = "4-13", "4-13\4-13.vcxproj", "{70A21006-52AA-4788-BE84-43F2D1856ED2}"
EndProject
Project("{8BC9CEB8-8B4A-11D0-8D11-00A0C91BC942}") = "4-14", "4-14\4-14.vcxproj", "{7584F151-91F3-4C6E-9C52-6E857B37472B}"
EndProject
Global
	GlobalSection(SolutionConfigurationPlatforms) = preSolution
		Debug|x64 = Debug|x64
		Debug|x86 = Debug|x86
		Release|x64 = Release|x64
		Release|x86 = Release|x86
	EndGlobalSection
	GlobalSection(ProjectConfigurationPlatforms) = postSolution
		{DC5DDECC-F77A-4F62-8826-6BE0BA4B5649}.Debug|x64.ActiveCfg = Debug|x64
		{DC5DDECC-F77A-4F62-8826-6BE0BA4B5649}.Debug|x64.Build.0 = Debug|x64
		{DC5DDECC-F77A-4F62-8826-6BE0BA4B5649}.Debug|x86.ActiveCfg = Debug|Win32
		{DC5DDECC-F77A-4F62-8826-6BE0BA4B5649}.Debug|x86.Build.0 = Debug|Win32
		{DC5DDECC-F77A-4F62-8826-6BE0BA4B5649}.Release|x64.ActiveCfg = Release|x64
		{DC5DDECC-F77A-4F62-8826-6BE0BA4B5649}.Release|x64.Build.0 = Release|x64
		{DC5DDECC-F77A-4F62-8826-6BE0BA4B5649}.Release|x86.ActiveCfg = Release|Win32
		{DC5DDECC-F77A-4F62-8826-6BE0BA4B5649}.Release|x86.Build.0 = Release|Win32
		{826A5D13-3480-40EB-B113-74AC81418848}.Debug|x64.ActiveCfg = Debug|x64
		{826A5D13-3480-40EB-B113-74AC81418848}.Debug|x64.Build.0 = Debug|x64
		{826A5D13-3480-40EB-B113-74AC81418848}.Debug|x86.ActiveCfg = Debug|Win32
		{826A5D13-3480-40EB-B113-74AC81418848}.Debug|x86.Build.0 = Debug|Win32
		{826A5D13-3480-40EB-B113-74AC81418848}.Release|x64.ActiveCfg = Release|x64
		{826A5D13-3480-40EB-B113-74AC81418848}.Release|x64.Build.0 = Release|x64
		{826A5D13-3480-40EB-B113-74AC81418848}.Release|x86.ActiveCfg = Release|Win32
		{826A5D13-3480-40EB-B113-74AC81418848}.Release|x86.Build.0 = Release|Win32
		{36DAADFE-7AEC-4B33-8858-05C59BACC143}.Debug|x64.ActiveCfg = Debug|x64
		{36DAADFE-7AEC-4B33-8858-05C59BACC143}.Debug|x64.Build.0 = Debug|x64
		{36DAADFE-7AEC-4B33-8858-05C59BACC143}.Debug|x86.ActiveCfg = Debug|Win32
		{36DAADFE-7AEC-4B33-8858-05C59BACC143}.Debug|x86.Build.0 = Debug|Win32
		{36DAADFE-7AEC-4B33-8858-05C59BACC143}.Release|x64.ActiveCfg = Release|x64
		{36DAADFE-7AEC-4B33-8858-05C59BACC143}.Release|x64.Build.0 = Release|x64
		{36DAADFE-7AEC-4B33-8858-05C59BACC143}.Release|x86.ActiveCfg = Release|Win32
		{36DAADFE-7AEC-4B33-8858-05C59BACC143}.Release|x86.Build.0 = Release|Win32
		{1A9949D2-0E71-4923-9491-668BFE929090}.Debug|x64.ActiveCfg = Debug|x64
		{1A9949D2-0E71-4923-9491-668BFE929090}.Debug|x64.Build.0 = Debug|x64
		{1A9949D2-0E71-4923-9491-668BFE929090}.Debug|x86.ActiveCfg = Debug|Win32
		{1A9949D2-0E71-4923-9491-668BFE929090}.Debug|x86.Build.0 = Debug|Win32
		{1A9949D2-0E71-4923-9491-668BFE929090}.Release|x64.ActiveCfg = Release|x64
		{1A9949D2-0E71-4923-9491-668BFE929090}.Release|x64.Build.0 = Release|x64
		{1A9949D2-0E71-4923-9491-668BFE929090}.Release|x86.ActiveCfg = Release|Win32
		{1A9949D2-0E71-4923-9491-668BFE929090}.Release|x86.Build.0 = Release|Win32
		{B7AD2248-8FB9-4FA7-BF2C-E1C245B27461}.Debug|x64.ActiveCfg = Debug|x64
		{B7AD2248-8FB9-4FA7-BF2C-E1C245B27461}.Debug|x64.Build.0 = Debug|x64
		{B7AD2248-8FB9-4FA7-BF2C-E1C245B27461}.Debug|x86.ActiveCfg = Debug|Win32
		{B7AD2248-8FB9-4FA7-BF2C-E1C245B27461}.Debug|x86.Build.0 = Debug|Win32
		{B7AD2248-8FB9-4FA7-BF2C-E1C245B27461}.Release|x64.ActiveCfg = Release|x64
		{B7AD2248-8FB9-4FA7-BF2C-E1C245B27461}.Release|x64.Build.0 = Release|x64
		{B7AD2248-8FB9-4FA7-BF2C-E1C245B27461}.Release|x86.ActiveCfg = Release|Win32
		{B7AD2248-8FB9-4FA7-BF2C-E1C245B27461}.Release|x86.Build.0 = Release|Win32
		{36EA6127-5BB6-4BB6-A29F-2DB349AB3486}.Debug|x64.ActiveCfg = Debug|x64
		{36EA6127-5BB6-4BB6-A29F-2DB349AB3486}.Debug|x64.Build.0 = Debug|x64
		{36EA6127-5BB6-4BB6-A29F-2DB349AB3486}.Debug|x86.ActiveCfg = Debug|Win32
		{36EA6127-5BB6-4BB6-A29F-2DB349AB3486}.Debug|x86.Build.0 = Debug|Win32
		{36EA6127-5BB6-4BB6-A29F-2DB349AB3486}.Release|x64.ActiveCfg = Release|x64
		{36EA6127-5BB6-4BB6-A29F-2DB349AB3486}.Release|x64.Build.0 = Release|x64
		{36EA6127-5BB6-4BB6-A29F-2DB349AB3486}.Release|x86.ActiveCfg = Release|Win32
		{36EA6127-5BB6-4BB6-A29F-2DB349AB3486}.Release|x86.Build.0 = Release|Win32
		{62922AE5-3709-4975-BFBE-51C42B04D478}.Debug|x64.ActiveCfg = Debug|x64
		{62922AE5-3709-4975-BFBE-51C42B04D478}.Debug|x64.Build.0 = Debug|x64
		{62922AE5-3709-4975-BFBE-51C42B04D478}.Debug|x86.ActiveCfg = Debug|Win32
		{62922AE5-3709-4975-BFBE-51C42B04D478}.Debug|x86.Build.0 = Debug|Win32
		{62922AE5-3709-4975-BFBE-51C42B04D478}.Release|x64.ActiveCfg = Release|x64
		{62922AE5-3709-4975-BFBE-51C42B04D478}.Release|x64.Build.0 = Release|x64
		{62922AE5-3709-4975-BFBE-51C42B04D478}.Release|x86.ActiveCfg = Release|Win32
		{62922AE5-3709-4975-BFBE-51C42B04D478}.Release|x86.Build.0 = Release|Win32
		{4AAE90F7-C2CC-4628-B30F-BA1A225CFA49}.Debug|x64.ActiveCfg = Debug|x64
		{4AAE90F7-C2CC-4628-B30F-BA1A225CFA49}.Debug|x64.Build.0 = Debug|x64
		{4AAE90F7-C2CC-4628-B30F-BA1A225CFA49}.Debug|x86.ActiveCfg = Debug|Win32
		{4AAE90F7-C2CC-4628-B30F-BA1A225CFA49}.Debug|x86.Build.0 = Debug|Win32
		{4AAE90F7-C2CC-4628-B30F-BA1A225CFA49}.Release|x64.ActiveCfg = Release|x64
		{4AAE90F7-C2CC-4628-B30F-BA1A225CFA49}.Release|x64.Build.0 = Release|x64
		{4AAE90F7-C2CC-4628-B30F-BA1A225CFA49}.Release|x86.ActiveCfg = Release|Win32
		{4AAE90F7-C2CC-4628-B30F-BA1A225CFA49}.Release|x86.Build.0 = Release|Win32
		{8F767DFC-00B6-4FAF-A301-5A689069BB2A}.Debug|x64.ActiveCfg = Debug|x64
		{8F767DFC-00B6-4FAF-A301-5A689069BB2A}.Debug|x64.Build.0 = Debug|x64
		{8F767DFC-00B6-4FAF-A301-5A689069BB2A}.Debug|x86.ActiveCfg = Debug|Win32
		{8F767DFC-00B6-4FAF-A301-5A689069BB2A}.Debug|x86.Build.0 = Debug|Win32
		{8F767DFC-00B6-4FAF-A301-5A689069BB2A}.Release|x64.ActiveCfg = Release|x64
		{8F767DFC-00B6-4FAF-A301-5A689069BB2A}.Release|x64.Build.0 = Release|x64
		{8F767DFC-00B6-4FAF-A301-5A689069BB2A}.Release|x86.ActiveCfg = Release|Win32
		{8F767DFC-00B6-4FAF-A301-5A689069BB2A}.Release|x86.Build.0 = Release|Win32
		{360DAB8A-0918-479B-99CB-2D1B8D406AFB}.Debug|x64.ActiveCfg = Debug|x64
		{360DAB8A-0918-479B-99CB-2D1B8D406AFB}.Debug|x64.Build.0 = Debug|x64
		{360DAB8A-0918-479B-99CB-2D1B8D406AFB}.Debug|x86.ActiveCfg = Debug|Win32
		{360DAB8A-0918-479B-99CB-2D1B8D406AFB}.Debug|x86.Build.0 = Debug|Win32
		{360DAB8A-0918-479B-99CB-2D1B8D406AFB}.Release|x64.ActiveCfg = Release|x64
		{360DAB8A-0918-479B-99CB-2D1B8D406AFB}.Release|x64.Build.0 = Release|x64
		{360DAB8A-0918-479B-99CB-2D1B8D406AFB}.Release|x86.ActiveCfg = Release|Win32
		{360DAB8A-0918-479B-99CB-2D1B8D406AFB}.Release|x86.Build.0 = Release|Win32
		{F703A326-D36F-4569-8476-B51FA0A75DBA}.Debug|x64.ActiveCfg = Debug|x64
		{F703A326-D36F-4569-8476-B51FA0A75DBA}.Debug|x64.Build.0 = Debug|x64
		{F703A326-D36F-4569-8476-B51FA0A75DBA}.Debug|x86.ActiveCfg = Debug|Win32
		{F703A326-D36F-4569-8476-B51FA0A75DBA}.Debug|x86.Build.0 = Debug|Win32
		{F703A326-D36F-4569-8476-B51FA0A75DBA}.Release|x64.ActiveCfg = Release|x64
		{F703A326-D36F-4569-8476-B51FA0A75DBA}.Release|x64.Build.0 = Release|x64
		{F703A326-D36F-4569-8476-B51FA0A75DBA}.Release|x86.ActiveCfg = Release|Win32
		{F703A326-D36F-4569-8476-B51FA0A75DBA}.Release|x86.Build.0 = Release|Win32
		{979FACF1-7580-4B4B-AC52-5F5579891666}.Debug|x64.ActiveCfg = Debug|x64
		{979FACF1-7580-4B4B-AC52-5F5579891666}.Debug|x64.Build.0 = Debug|x64
		{979FACF1-7580-4B4B-AC52-5F5579891666}.Debug|x86.ActiveCfg = Debug|Win32
		{979FACF1-7580-4B4B-AC52-5F5579891666}.Debug|x86.Build.0 = Debug|Win32
		{979FACF1-7580-4B4B-AC52-5F5579891666}.Release|x64.ActiveCfg = Release|x64
		{979FACF1-7580-4B4B-AC52-5F5579891666}.Release|x64.Build.0 = Release|x64
		{979FACF1-7580-4B4B-AC52-5F5579891666}.Release|x86.ActiveCfg = Release|Win32
		{979FACF1-7580-4B4B-AC52-5F5579891666}.Release|x86.Build.0 = Release|Win32
		{8F7D3159-2EDA-4A71-AB1E-7E89CA0BFAB5}.Debug|x64.ActiveCfg = Debug|x64
		{8F7D3159-2EDA-4A71-AB1E-7E89CA0BFAB5}.Debug|x64.Build.0 = Debug|x64
		{8F7D3159-2EDA-4A71-AB1E-7E89CA0BFAB5}.Debug|x86.ActiveCfg = Debug|Win32
		{8F7D3159-2EDA-4A71-AB1E-7E89CA0BFAB5}.Debug|x86.Build.0 = Debug|Win32
		{8F7D3159-2EDA-4A71-AB1E-7E89CA0BFAB5}.Release|x64.ActiveCfg = Release|x64
		{8F7D3159-2EDA-4A71-AB1E-7E89CA0BFAB5}.Release|x64.Build.0 = Release|x64
		{8F7D3159-2EDA-4A71-AB1E-7E89CA0BFAB5}.Release|x86.ActiveCfg = Release|Win32
		{8F7D3159-2EDA-4A71-AB1E-7E89CA0BFAB5}.Release|x86.Build.0 = Release|Win32
		{70A21006-52AA-4788-BE84-43F2D1856ED2}.Debug|x64.ActiveCfg = Debug|x64
		{70A21006-52AA-4788-BE84-43F2D1856ED2}.Debug|x64.Build.0 = Debug|x64
		{70A21006-52AA-4788-BE84-43F2D1856ED2}.Debug|x86.ActiveCfg = Debug|Win32
		{70A21006-52AA-4788-BE84-43F2D1856ED2}.Debug|x86.Build.0 = Debug|Win32
		{70A21006-52AA-4788-BE84-43F2D1856ED2}.Release|x64.ActiveCfg = Release|x64
		{70A21006-52AA-4788-BE84-43F2D1856ED2}.Release|x64.Build.0 = Release|x64
		{70A21006-52AA-4788-BE84-43F2D1856ED2}.Release|x86.ActiveCfg = Release|Win32
		{70A21006-52AA-4788-BE84-43F2D1856ED2}.Release|x86.Build.0 = Release|Win32
		{7584F151-91F3-4C6E-9C52-6E857B37472B}.Debug|x64.ActiveCfg = Debug|x64
		{7584F151-91F3-4C6E-9C52-6E857B37472B}.Debug|x64.Build.0 = Debug|x64
		{7584F151-91F3-4C6E-9C52-6E857B37472B}.Debug|x86.ActiveCfg = Debug|Win32
		{7584F151-91F3-4C6E-9C52-6E857B37472B}.Debug|x86.Build.0 = Debug|Win32
		{7584F151-91F3-4C6E-9C52-6E857B37472B}.Release|x64.ActiveCfg = Release|x64
		{7584F151-91F3-4C6E-9C52-6E857B37472B}.Release|x64.Build.0 = Release|x64
		{7584F151-91F3-4C6E-9C52-6E857B37472B}.Release|x86.ActiveCfg = Release|Win32
		{7584F151-91F3-4C6E-9C52-6E857B37472B}.Release|x86.Build.0 = Release|Win32
	EndGlobalSection
	GlobalSection(SolutionProperties) = preSolution
		HideSolutionNode = FALSE
	EndGlobalSection
	GlobalSection(ExtensibilityGlobals) = postSolution
		SolutionGuid = {F8D43500-A5E6-4EAC-80E5-1C060942064F}
	EndGlobalSection
EndGlobal
