
Microsoft Visual Studio Solution File, Format Version 12.00
# Visual Studio 15
VisualStudioVersion = 15.0.27130.2010
MinimumVisualStudioVersion = 10.0.40219.1
Project("{8BC9CEB8-8B4A-11D0-8D11-00A0C91BC942}") = "10-1", "10-1\10-1.vcxproj", "{C7498DC6-7D14-45FE-8D96-1E1DCC79233E}"
EndProject
Project("{8BC9CEB8-8B4A-11D0-8D11-00A0C91BC942}") = "10-2", "10-2\10-2.vcxproj", "{47E82290-11DD-4CA1-9821-56EC32FF5F74}"
EndProject
Project("{8BC9CEB8-8B4A-11D0-8D11-00A0C91BC942}") = "10-3", "10-3\10-3.vcxproj", "{35DF1A8B-6FB0-4FDB-B094-E107D979EBB6}"
EndProject
Project("{8BC9CEB8-8B4A-11D0-8D11-00A0C91BC942}") = "10-4", "10-4\10-4.vcxproj", "{371C4E78-04C9-4A5F-B69B-0AF6DF93181F}"
EndProject
Project("{8BC9CEB8-8B4A-11D0-8D11-00A0C91BC942}") = "10-5", "10-5\10-5.vcxproj", "{9D3A5B28-DB2B-4DE1-BF18-12E7EFCBC76A}"
EndProject
Project("{8BC9CEB8-8B4A-11D0-8D11-00A0C91BC942}") = "10-6", "10-6\10-6.vcxproj", "{F67E8B22-139A-48A6-8AFE-197D8C6E0BEF}"
EndProject
Project("{8BC9CEB8-8B4A-11D0-8D11-00A0C91BC942}") = "10-7", "10-7\10-7.vcxproj", "{9A7EE58B-2EE3-4059-8E0C-5F1423E28D7F}"
EndProject
Project("{8BC9CEB8-8B4A-11D0-8D11-00A0C91BC942}") = "10-8", "10-8\10-8.vcxproj", "{7BC05ECE-E5FA-4EC3-ACC9-305C1BE5E478}"
EndProject
Project("{8BC9CEB8-8B4A-11D0-8D11-00A0C91BC942}") = "10-9", "10-9\10-9.vcxproj", "{529F5644-7E78-4E2E-AB1D-FD3B384610B6}"
EndProject
Project("{8BC9CEB8-8B4A-11D0-8D11-00A0C91BC942}") = "10-10", "10-10\10-10.vcxproj", "{BE84B59F-8FE2-406B-9B04-F38C49268FD9}"
EndProject
Project("{8BC9CEB8-8B4A-11D0-8D11-00A0C91BC942}") = "10-11", "10-11\10-11.vcxproj", "{428F6726-FD2D-4F50-B6D2-C022DD22323B}"
EndProject
Project("{8BC9CEB8-8B4A-11D0-8D11-00A0C91BC942}") = "10-12", "10-12\10-12.vcxproj", "{C9E57D7A-E5B4-44CA-BE54-30D3B0B90A0B}"
EndProject
Project("{8BC9CEB8-8B4A-11D0-8D11-00A0C91BC942}") = "10-13", "10-13\10-13.vcxproj", "{614F9E2F-D403-4253-B689-8F1D3A9F0BE2}"
EndProject
Project("{8BC9CEB8-8B4A-11D0-8D11-00A0C91BC942}") = "10-14", "10-14\10-14.vcxproj", "{7B093BC7-C2F1-468D-89AB-A0286DDCF307}"
EndProject
Project("{8BC9CEB8-8B4A-11D0-8D11-00A0C91BC942}") = "10-15", "10-15\10-15.vcxproj", "{F9BFEA01-AA50-427D-9BD6-AB5158C3F581}"
EndProject
Project("{8BC9CEB8-8B4A-11D0-8D11-00A0C91BC942}") = "10-16", "10-16\10-16.vcxproj", "{299BE84B-F5CF-4FBD-AF1D-60197138F414}"
EndProject
Global
	GlobalSection(SolutionConfigurationPlatforms) = preSolution
		Debug|x64 = Debug|x64
		Debug|x86 = Debug|x86
		Release|x64 = Release|x64
		Release|x86 = Release|x86
	EndGlobalSection
	GlobalSection(ProjectConfigurationPlatforms) = postSolution
		{C7498DC6-7D14-45FE-8D96-1E1DCC79233E}.Debug|x64.ActiveCfg = Debug|x64
		{C7498DC6-7D14-45FE-8D96-1E1DCC79233E}.Debug|x64.Build.0 = Debug|x64
		{C7498DC6-7D14-45FE-8D96-1E1DCC79233E}.Debug|x86.ActiveCfg = Debug|Win32
		{C7498DC6-7D14-45FE-8D96-1E1DCC79233E}.Debug|x86.Build.0 = Debug|Win32
		{C7498DC6-7D14-45FE-8D96-1E1DCC79233E}.Release|x64.ActiveCfg = Release|x64
		{C7498DC6-7D14-45FE-8D96-1E1DCC79233E}.Release|x64.Build.0 = Release|x64
		{C7498DC6-7D14-45FE-8D96-1E1DCC79233E}.Release|x86.ActiveCfg = Release|Win32
		{C7498DC6-7D14-45FE-8D96-1E1DCC79233E}.Release|x86.Build.0 = Release|Win32
		{47E82290-11DD-4CA1-9821-56EC32FF5F74}.Debug|x64.ActiveCfg = Debug|x64
		{47E82290-11DD-4CA1-9821-56EC32FF5F74}.Debug|x64.Build.0 = Debug|x64
		{47E82290-11DD-4CA1-9821-56EC32FF5F74}.Debug|x86.ActiveCfg = Debug|Win32
		{47E82290-11DD-4CA1-9821-56EC32FF5F74}.Debug|x86.Build.0 = Debug|Win32
		{47E82290-11DD-4CA1-9821-56EC32FF5F74}.Release|x64.ActiveCfg = Release|x64
		{47E82290-11DD-4CA1-9821-56EC32FF5F74}.Release|x64.Build.0 = Release|x64
		{47E82290-11DD-4CA1-9821-56EC32FF5F74}.Release|x86.ActiveCfg = Release|Win32
		{47E82290-11DD-4CA1-9821-56EC32FF5F74}.Release|x86.Build.0 = Release|Win32
		{35DF1A8B-6FB0-4FDB-B094-E107D979EBB6}.Debug|x64.ActiveCfg = Debug|x64
		{35DF1A8B-6FB0-4FDB-B094-E107D979EBB6}.Debug|x64.Build.0 = Debug|x64
		{35DF1A8B-6FB0-4FDB-B094-E107D979EBB6}.Debug|x86.ActiveCfg = Debug|Win32
		{35DF1A8B-6FB0-4FDB-B094-E107D979EBB6}.Debug|x86.Build.0 = Debug|Win32
		{35DF1A8B-6FB0-4FDB-B094-E107D979EBB6}.Release|x64.ActiveCfg = Release|x64
		{35DF1A8B-6FB0-4FDB-B094-E107D979EBB6}.Release|x64.Build.0 = Release|x64
		{35DF1A8B-6FB0-4FDB-B094-E107D979EBB6}.Release|x86.ActiveCfg = Release|Win32
		{35DF1A8B-6FB0-4FDB-B094-E107D979EBB6}.Release|x86.Build.0 = Release|Win32
		{371C4E78-04C9-4A5F-B69B-0AF6DF93181F}.Debug|x64.ActiveCfg = Debug|x64
		{371C4E78-04C9-4A5F-B69B-0AF6DF93181F}.Debug|x64.Build.0 = Debug|x64
		{371C4E78-04C9-4A5F-B69B-0AF6DF93181F}.Debug|x86.ActiveCfg = Debug|Win32
		{371C4E78-04C9-4A5F-B69B-0AF6DF93181F}.Debug|x86.Build.0 = Debug|Win32
		{371C4E78-04C9-4A5F-B69B-0AF6DF93181F}.Release|x64.ActiveCfg = Release|x64
		{371C4E78-04C9-4A5F-B69B-0AF6DF93181F}.Release|x64.Build.0 = Release|x64
		{371C4E78-04C9-4A5F-B69B-0AF6DF93181F}.Release|x86.ActiveCfg = Release|Win32
		{371C4E78-04C9-4A5F-B69B-0AF6DF93181F}.Release|x86.Build.0 = Release|Win32
		{9D3A5B28-DB2B-4DE1-BF18-12E7EFCBC76A}.Debug|x64.ActiveCfg = Debug|x64
		{9D3A5B28-DB2B-4DE1-BF18-12E7EFCBC76A}.Debug|x64.Build.0 = Debug|x64
		{9D3A5B28-DB2B-4DE1-BF18-12E7EFCBC76A}.Debug|x86.ActiveCfg = Debug|Win32
		{9D3A5B28-DB2B-4DE1-BF18-12E7EFCBC76A}.Debug|x86.Build.0 = Debug|Win32
		{9D3A5B28-DB2B-4DE1-BF18-12E7EFCBC76A}.Release|x64.ActiveCfg = Release|x64
		{9D3A5B28-DB2B-4DE1-BF18-12E7EFCBC76A}.Release|x64.Build.0 = Release|x64
		{9D3A5B28-DB2B-4DE1-BF18-12E7EFCBC76A}.Release|x86.ActiveCfg = Release|Win32
		{9D3A5B28-DB2B-4DE1-BF18-12E7EFCBC76A}.Release|x86.Build.0 = Release|Win32
		{F67E8B22-139A-48A6-8AFE-197D8C6E0BEF}.Debug|x64.ActiveCfg = Debug|x64
		{F67E8B22-139A-48A6-8AFE-197D8C6E0BEF}.Debug|x64.Build.0 = Debug|x64
		{F67E8B22-139A-48A6-8AFE-197D8C6E0BEF}.Debug|x86.ActiveCfg = Debug|Win32
		{F67E8B22-139A-48A6-8AFE-197D8C6E0BEF}.Debug|x86.Build.0 = Debug|Win32
		{F67E8B22-139A-48A6-8AFE-197D8C6E0BEF}.Release|x64.ActiveCfg = Release|x64
		{F67E8B22-139A-48A6-8AFE-197D8C6E0BEF}.Release|x64.Build.0 = Release|x64
		{F67E8B22-139A-48A6-8AFE-197D8C6E0BEF}.Release|x86.ActiveCfg = Release|Win32
		{F67E8B22-139A-48A6-8AFE-197D8C6E0BEF}.Release|x86.Build.0 = Release|Win32
		{9A7EE58B-2EE3-4059-8E0C-5F1423E28D7F}.Debug|x64.ActiveCfg = Debug|x64
		{9A7EE58B-2EE3-4059-8E0C-5F1423E28D7F}.Debug|x64.Build.0 = Debug|x64
		{9A7EE58B-2EE3-4059-8E0C-5F1423E28D7F}.Debug|x86.ActiveCfg = Debug|Win32
		{9A7EE58B-2EE3-4059-8E0C-5F1423E28D7F}.Debug|x86.Build.0 = Debug|Win32
		{9A7EE58B-2EE3-4059-8E0C-5F1423E28D7F}.Release|x64.ActiveCfg = Release|x64
		{9A7EE58B-2EE3-4059-8E0C-5F1423E28D7F}.Release|x64.Build.0 = Release|x64
		{9A7EE58B-2EE3-4059-8E0C-5F1423E28D7F}.Release|x86.ActiveCfg = Release|Win32
		{9A7EE58B-2EE3-4059-8E0C-5F1423E28D7F}.Release|x86.Build.0 = Release|Win32
		{7BC05ECE-E5FA-4EC3-ACC9-305C1BE5E478}.Debug|x64.ActiveCfg = Debug|x64
		{7BC05ECE-E5FA-4EC3-ACC9-305C1BE5E478}.Debug|x64.Build.0 = Debug|x64
		{7BC05ECE-E5FA-4EC3-ACC9-305C1BE5E478}.Debug|x86.ActiveCfg = Debug|Win32
		{7BC05ECE-E5FA-4EC3-ACC9-305C1BE5E478}.Debug|x86.Build.0 = Debug|Win32
		{7BC05ECE-E5FA-4EC3-ACC9-305C1BE5E478}.Release|x64.ActiveCfg = Release|x64
		{7BC05ECE-E5FA-4EC3-ACC9-305C1BE5E478}.Release|x64.Build.0 = Release|x64
		{7BC05ECE-E5FA-4EC3-ACC9-305C1BE5E478}.Release|x86.ActiveCfg = Release|Win32
		{7BC05ECE-E5FA-4EC3-ACC9-305C1BE5E478}.Release|x86.Build.0 = Release|Win32
		{529F5644-7E78-4E2E-AB1D-FD3B384610B6}.Debug|x64.ActiveCfg = Debug|x64
		{529F5644-7E78-4E2E-AB1D-FD3B384610B6}.Debug|x64.Build.0 = Debug|x64
		{529F5644-7E78-4E2E-AB1D-FD3B384610B6}.Debug|x86.ActiveCfg = Debug|Win32
		{529F5644-7E78-4E2E-AB1D-FD3B384610B6}.Debug|x86.Build.0 = Debug|Win32
		{529F5644-7E78-4E2E-AB1D-FD3B384610B6}.Release|x64.ActiveCfg = Release|x64
		{529F5644-7E78-4E2E-AB1D-FD3B384610B6}.Release|x64.Build.0 = Release|x64
		{529F5644-7E78-4E2E-AB1D-FD3B384610B6}.Release|x86.ActiveCfg = Release|Win32
		{529F5644-7E78-4E2E-AB1D-FD3B384610B6}.Release|x86.Build.0 = Release|Win32
		{BE84B59F-8FE2-406B-9B04-F38C49268FD9}.Debug|x64.ActiveCfg = Debug|x64
		{BE84B59F-8FE2-406B-9B04-F38C49268FD9}.Debug|x64.Build.0 = Debug|x64
		{BE84B59F-8FE2-406B-9B04-F38C49268FD9}.Debug|x86.ActiveCfg = Debug|Win32
		{BE84B59F-8FE2-406B-9B04-F38C49268FD9}.Debug|x86.Build.0 = Debug|Win32
		{BE84B59F-8FE2-406B-9B04-F38C49268FD9}.Release|x64.ActiveCfg = Release|x64
		{BE84B59F-8FE2-406B-9B04-F38C49268FD9}.Release|x64.Build.0 = Release|x64
		{BE84B59F-8FE2-406B-9B04-F38C49268FD9}.Release|x86.ActiveCfg = Release|Win32
		{BE84B59F-8FE2-406B-9B04-F38C49268FD9}.Release|x86.Build.0 = Release|Win32
		{428F6726-FD2D-4F50-B6D2-C022DD22323B}.Debug|x64.ActiveCfg = Debug|x64
		{428F6726-FD2D-4F50-B6D2-C022DD22323B}.Debug|x64.Build.0 = Debug|x64
		{428F6726-FD2D-4F50-B6D2-C022DD22323B}.Debug|x86.ActiveCfg = Debug|Win32
		{428F6726-FD2D-4F50-B6D2-C022DD22323B}.Debug|x86.Build.0 = Debug|Win32
		{428F6726-FD2D-4F50-B6D2-C022DD22323B}.Release|x64.ActiveCfg = Release|x64
		{428F6726-FD2D-4F50-B6D2-C022DD22323B}.Release|x64.Build.0 = Release|x64
		{428F6726-FD2D-4F50-B6D2-C022DD22323B}.Release|x86.ActiveCfg = Release|Win32
		{428F6726-FD2D-4F50-B6D2-C022DD22323B}.Release|x86.Build.0 = Release|Win32
		{C9E57D7A-E5B4-44CA-BE54-30D3B0B90A0B}.Debug|x64.ActiveCfg = Debug|x64
		{C9E57D7A-E5B4-44CA-BE54-30D3B0B90A0B}.Debug|x64.Build.0 = Debug|x64
		{C9E57D7A-E5B4-44CA-BE54-30D3B0B90A0B}.Debug|x86.ActiveCfg = Debug|Win32
		{C9E57D7A-E5B4-44CA-BE54-30D3B0B90A0B}.Debug|x86.Build.0 = Debug|Win32
		{C9E57D7A-E5B4-44CA-BE54-30D3B0B90A0B}.Release|x64.ActiveCfg = Release|x64
		{C9E57D7A-E5B4-44CA-BE54-30D3B0B90A0B}.Release|x64.Build.0 = Release|x64
		{C9E57D7A-E5B4-44CA-BE54-30D3B0B90A0B}.Release|x86.ActiveCfg = Release|Win32
		{C9E57D7A-E5B4-44CA-BE54-30D3B0B90A0B}.Release|x86.Build.0 = Release|Win32
		{614F9E2F-D403-4253-B689-8F1D3A9F0BE2}.Debug|x64.ActiveCfg = Debug|x64
		{614F9E2F-D403-4253-B689-8F1D3A9F0BE2}.Debug|x64.Build.0 = Debug|x64
		{614F9E2F-D403-4253-B689-8F1D3A9F0BE2}.Debug|x86.ActiveCfg = Debug|Win32
		{614F9E2F-D403-4253-B689-8F1D3A9F0BE2}.Debug|x86.Build.0 = Debug|Win32
		{614F9E2F-D403-4253-B689-8F1D3A9F0BE2}.Release|x64.ActiveCfg = Release|x64
		{614F9E2F-D403-4253-B689-8F1D3A9F0BE2}.Release|x64.Build.0 = Release|x64
		{614F9E2F-D403-4253-B689-8F1D3A9F0BE2}.Release|x86.ActiveCfg = Release|Win32
		{614F9E2F-D403-4253-B689-8F1D3A9F0BE2}.Release|x86.Build.0 = Release|Win32
		{7B093BC7-C2F1-468D-89AB-A0286DDCF307}.Debug|x64.ActiveCfg = Debug|x64
		{7B093BC7-C2F1-468D-89AB-A0286DDCF307}.Debug|x64.Build.0 = Debug|x64
		{7B093BC7-C2F1-468D-89AB-A0286DDCF307}.Debug|x86.ActiveCfg = Debug|Win32
		{7B093BC7-C2F1-468D-89AB-A0286DDCF307}.Debug|x86.Build.0 = Debug|Win32
		{7B093BC7-C2F1-468D-89AB-A0286DDCF307}.Release|x64.ActiveCfg = Release|x64
		{7B093BC7-C2F1-468D-89AB-A0286DDCF307}.Release|x64.Build.0 = Release|x64
		{7B093BC7-C2F1-468D-89AB-A0286DDCF307}.Release|x86.ActiveCfg = Release|Win32
		{7B093BC7-C2F1-468D-89AB-A0286DDCF307}.Release|x86.Build.0 = Release|Win32
		{F9BFEA01-AA50-427D-9BD6-AB5158C3F581}.Debug|x64.ActiveCfg = Debug|x64
		{F9BFEA01-AA50-427D-9BD6-AB5158C3F581}.Debug|x64.Build.0 = Debug|x64
		{F9BFEA01-AA50-427D-9BD6-AB5158C3F581}.Debug|x86.ActiveCfg = Debug|Win32
		{F9BFEA01-AA50-427D-9BD6-AB5158C3F581}.Debug|x86.Build.0 = Debug|Win32
		{F9BFEA01-AA50-427D-9BD6-AB5158C3F581}.Release|x64.ActiveCfg = Release|x64
		{F9BFEA01-AA50-427D-9BD6-AB5158C3F581}.Release|x64.Build.0 = Release|x64
		{F9BFEA01-AA50-427D-9BD6-AB5158C3F581}.Release|x86.ActiveCfg = Release|Win32
		{F9BFEA01-AA50-427D-9BD6-AB5158C3F581}.Release|x86.Build.0 = Release|Win32
		{299BE84B-F5CF-4FBD-AF1D-60197138F414}.Debug|x64.ActiveCfg = Debug|x64
		{299BE84B-F5CF-4FBD-AF1D-60197138F414}.Debug|x64.Build.0 = Debug|x64
		{299BE84B-F5CF-4FBD-AF1D-60197138F414}.Debug|x86.ActiveCfg = Debug|Win32
		{299BE84B-F5CF-4FBD-AF1D-60197138F414}.Debug|x86.Build.0 = Debug|Win32
		{299BE84B-F5CF-4FBD-AF1D-60197138F414}.Release|x64.ActiveCfg = Release|x64
		{299BE84B-F5CF-4FBD-AF1D-60197138F414}.Release|x64.Build.0 = Release|x64
		{299BE84B-F5CF-4FBD-AF1D-60197138F414}.Release|x86.ActiveCfg = Release|Win32
		{299BE84B-F5CF-4FBD-AF1D-60197138F414}.Release|x86.Build.0 = Release|Win32
	EndGlobalSection
	GlobalSection(SolutionProperties) = preSolution
		HideSolutionNode = FALSE
	EndGlobalSection
	GlobalSection(ExtensibilityGlobals) = postSolution
		SolutionGuid = {899F393D-470E-44BA-A9CE-9056E26335D4}
	EndGlobalSection
EndGlobal
