
Microsoft Visual Studio Solution File, Format Version 12.00
# Visual Studio 15
VisualStudioVersion = 15.0.27130.2010
MinimumVisualStudioVersion = 10.0.40219.1
Project("{8BC9CEB8-8B4A-11D0-8D11-00A0C91BC942}") = "12-1", "12-1\12-1.vcxproj", "{D9503EF1-3FBF-45A3-A128-78A06F2EFC64}"
EndProject
Project("{8BC9CEB8-8B4A-11D0-8D11-00A0C91BC942}") = "12-2", "12-2\12-2.vcxproj", "{AE4E58EE-FC77-46A5-AC36-9A624B4BCFCC}"
EndProject
Project("{8BC9CEB8-8B4A-11D0-8D11-00A0C91BC942}") = "12-3", "12-3\12-3.vcxproj", "{654B883D-DF2C-4FC7-A4EA-1A276B2C4F38}"
EndProject
Project("{8BC9CEB8-8B4A-11D0-8D11-00A0C91BC942}") = "12-4", "12-4\12-4.vcxproj", "{6158F997-0CEC-4EC9-B500-FB216B6955D0}"
EndProject
Project("{8BC9CEB8-8B4A-11D0-8D11-00A0C91BC942}") = "12-5", "12-5\12-5.vcxproj", "{0912481C-91BA-4EA6-92DD-29E61CFBA7C5}"
EndProject
Project("{8BC9CEB8-8B4A-11D0-8D11-00A0C91BC942}") = "12-6", "12-6\12-6.vcxproj", "{014830B2-C50A-40C6-BBF7-8F6B83094C3D}"
EndProject
Project("{8BC9CEB8-8B4A-11D0-8D11-00A0C91BC942}") = "12-7", "12-7\12-7.vcxproj", "{AE61BB77-11F6-418C-9CB8-A099ADA4BA99}"
EndProject
Project("{8BC9CEB8-8B4A-11D0-8D11-00A0C91BC942}") = "12-8", "12-8\12-8.vcxproj", "{5A7E8F9B-DB8B-4496-84AD-C298936A02A1}"
EndProject
Project("{8BC9CEB8-8B4A-11D0-8D11-00A0C91BC942}") = "12-9", "12-9\12-9.vcxproj", "{6994EACF-B4D0-4D87-95BE-61A045FC210C}"
EndProject
Project("{8BC9CEB8-8B4A-11D0-8D11-00A0C91BC942}") = "12-10", "12-10\12-10.vcxproj", "{409ADC43-15E0-4EE6-BADB-B329E746694A}"
EndProject
Project("{8BC9CEB8-8B4A-11D0-8D11-00A0C91BC942}") = "12-11", "12-11\12-11.vcxproj", "{7E3280CC-CED6-459E-9A1D-48CCF2E48126}"
EndProject
Project("{8BC9CEB8-8B4A-11D0-8D11-00A0C91BC942}") = "12-12", "12-12\12-12.vcxproj", "{C904B320-9F5A-4B85-8622-634703062B55}"
EndProject
Project("{8BC9CEB8-8B4A-11D0-8D11-00A0C91BC942}") = "12-13", "12-13\12-13.vcxproj", "{26BF2684-C697-477C-84F9-B2EF9A93A4BD}"
EndProject
Project("{8BC9CEB8-8B4A-11D0-8D11-00A0C91BC942}") = "12-14", "12-14\12-14.vcxproj", "{C03E8B5C-4934-4EB5-AD6C-EB52DFA92CEE}"
EndProject
Global
	GlobalSection(SolutionConfigurationPlatforms) = preSolution
		Debug|x64 = Debug|x64
		Debug|x86 = Debug|x86
		Release|x64 = Release|x64
		Release|x86 = Release|x86
	EndGlobalSection
	GlobalSection(ProjectConfigurationPlatforms) = postSolution
		{D9503EF1-3FBF-45A3-A128-78A06F2EFC64}.Debug|x64.ActiveCfg = Debug|x64
		{D9503EF1-3FBF-45A3-A128-78A06F2EFC64}.Debug|x64.Build.0 = Debug|x64
		{D9503EF1-3FBF-45A3-A128-78A06F2EFC64}.Debug|x86.ActiveCfg = Debug|Win32
		{D9503EF1-3FBF-45A3-A128-78A06F2EFC64}.Debug|x86.Build.0 = Debug|Win32
		{D9503EF1-3FBF-45A3-A128-78A06F2EFC64}.Release|x64.ActiveCfg = Release|x64
		{D9503EF1-3FBF-45A3-A128-78A06F2EFC64}.Release|x64.Build.0 = Release|x64
		{D9503EF1-3FBF-45A3-A128-78A06F2EFC64}.Release|x86.ActiveCfg = Release|Win32
		{D9503EF1-3FBF-45A3-A128-78A06F2EFC64}.Release|x86.Build.0 = Release|Win32
		{AE4E58EE-FC77-46A5-AC36-9A624B4BCFCC}.Debug|x64.ActiveCfg = Debug|x64
		{AE4E58EE-FC77-46A5-AC36-9A624B4BCFCC}.Debug|x64.Build.0 = Debug|x64
		{AE4E58EE-FC77-46A5-AC36-9A624B4BCFCC}.Debug|x86.ActiveCfg = Debug|Win32
		{AE4E58EE-FC77-46A5-AC36-9A624B4BCFCC}.Debug|x86.Build.0 = Debug|Win32
		{AE4E58EE-FC77-46A5-AC36-9A624B4BCFCC}.Release|x64.ActiveCfg = Release|x64
		{AE4E58EE-FC77-46A5-AC36-9A624B4BCFCC}.Release|x64.Build.0 = Release|x64
		{AE4E58EE-FC77-46A5-AC36-9A624B4BCFCC}.Release|x86.ActiveCfg = Release|Win32
		{AE4E58EE-FC77-46A5-AC36-9A624B4BCFCC}.Release|x86.Build.0 = Release|Win32
		{654B883D-DF2C-4FC7-A4EA-1A276B2C4F38}.Debug|x64.ActiveCfg = Debug|x64
		{654B883D-DF2C-4FC7-A4EA-1A276B2C4F38}.Debug|x64.Build.0 = Debug|x64
		{654B883D-DF2C-4FC7-A4EA-1A276B2C4F38}.Debug|x86.ActiveCfg = Debug|Win32
		{654B883D-DF2C-4FC7-A4EA-1A276B2C4F38}.Debug|x86.Build.0 = Debug|Win32
		{654B883D-DF2C-4FC7-A4EA-1A276B2C4F38}.Release|x64.ActiveCfg = Release|x64
		{654B883D-DF2C-4FC7-A4EA-1A276B2C4F38}.Release|x64.Build.0 = Release|x64
		{654B883D-DF2C-4FC7-A4EA-1A276B2C4F38}.Release|x86.ActiveCfg = Release|Win32
		{654B883D-DF2C-4FC7-A4EA-1A276B2C4F38}.Release|x86.Build.0 = Release|Win32
		{6158F997-0CEC-4EC9-B500-FB216B6955D0}.Debug|x64.ActiveCfg = Debug|x64
		{6158F997-0CEC-4EC9-B500-FB216B6955D0}.Debug|x64.Build.0 = Debug|x64
		{6158F997-0CEC-4EC9-B500-FB216B6955D0}.Debug|x86.ActiveCfg = Debug|Win32
		{6158F997-0CEC-4EC9-B500-FB216B6955D0}.Debug|x86.Build.0 = Debug|Win32
		{6158F997-0CEC-4EC9-B500-FB216B6955D0}.Release|x64.ActiveCfg = Release|x64
		{6158F997-0CEC-4EC9-B500-FB216B6955D0}.Release|x64.Build.0 = Release|x64
		{6158F997-0CEC-4EC9-B500-FB216B6955D0}.Release|x86.ActiveCfg = Release|Win32
		{6158F997-0CEC-4EC9-B500-FB216B6955D0}.Release|x86.Build.0 = Release|Win32
		{0912481C-91BA-4EA6-92DD-29E61CFBA7C5}.Debug|x64.ActiveCfg = Debug|x64
		{0912481C-91BA-4EA6-92DD-29E61CFBA7C5}.Debug|x64.Build.0 = Debug|x64
		{0912481C-91BA-4EA6-92DD-29E61CFBA7C5}.Debug|x86.ActiveCfg = Debug|Win32
		{0912481C-91BA-4EA6-92DD-29E61CFBA7C5}.Debug|x86.Build.0 = Debug|Win32
		{0912481C-91BA-4EA6-92DD-29E61CFBA7C5}.Release|x64.ActiveCfg = Release|x64
		{0912481C-91BA-4EA6-92DD-29E61CFBA7C5}.Release|x64.Build.0 = Release|x64
		{0912481C-91BA-4EA6-92DD-29E61CFBA7C5}.Release|x86.ActiveCfg = Release|Win32
		{0912481C-91BA-4EA6-92DD-29E61CFBA7C5}.Release|x86.Build.0 = Release|Win32
		{014830B2-C50A-40C6-BBF7-8F6B83094C3D}.Debug|x64.ActiveCfg = Debug|x64
		{014830B2-C50A-40C6-BBF7-8F6B83094C3D}.Debug|x64.Build.0 = Debug|x64
		{014830B2-C50A-40C6-BBF7-8F6B83094C3D}.Debug|x86.ActiveCfg = Debug|Win32
		{014830B2-C50A-40C6-BBF7-8F6B83094C3D}.Debug|x86.Build.0 = Debug|Win32
		{014830B2-C50A-40C6-BBF7-8F6B83094C3D}.Release|x64.ActiveCfg = Release|x64
		{014830B2-C50A-40C6-BBF7-8F6B83094C3D}.Release|x64.Build.0 = Release|x64
		{014830B2-C50A-40C6-BBF7-8F6B83094C3D}.Release|x86.ActiveCfg = Release|Win32
		{014830B2-C50A-40C6-BBF7-8F6B83094C3D}.Release|x86.Build.0 = Release|Win32
		{AE61BB77-11F6-418C-9CB8-A099ADA4BA99}.Debug|x64.ActiveCfg = Debug|x64
		{AE61BB77-11F6-418C-9CB8-A099ADA4BA99}.Debug|x64.Build.0 = Debug|x64
		{AE61BB77-11F6-418C-9CB8-A099ADA4BA99}.Debug|x86.ActiveCfg = Debug|Win32
		{AE61BB77-11F6-418C-9CB8-A099ADA4BA99}.Debug|x86.Build.0 = Debug|Win32
		{AE61BB77-11F6-418C-9CB8-A099ADA4BA99}.Release|x64.ActiveCfg = Release|x64
		{AE61BB77-11F6-418C-9CB8-A099ADA4BA99}.Release|x64.Build.0 = Release|x64
		{AE61BB77-11F6-418C-9CB8-A099ADA4BA99}.Release|x86.ActiveCfg = Release|Win32
		{AE61BB77-11F6-418C-9CB8-A099ADA4BA99}.Release|x86.Build.0 = Release|Win32
		{5A7E8F9B-DB8B-4496-84AD-C298936A02A1}.Debug|x64.ActiveCfg = Debug|x64
		{5A7E8F9B-DB8B-4496-84AD-C298936A02A1}.Debug|x64.Build.0 = Debug|x64
		{5A7E8F9B-DB8B-4496-84AD-C298936A02A1}.Debug|x86.ActiveCfg = Debug|Win32
		{5A7E8F9B-DB8B-4496-84AD-C298936A02A1}.Debug|x86.Build.0 = Debug|Win32
		{5A7E8F9B-DB8B-4496-84AD-C298936A02A1}.Release|x64.ActiveCfg = Release|x64
		{5A7E8F9B-DB8B-4496-84AD-C298936A02A1}.Release|x64.Build.0 = Release|x64
		{5A7E8F9B-DB8B-4496-84AD-C298936A02A1}.Release|x86.ActiveCfg = Release|Win32
		{5A7E8F9B-DB8B-4496-84AD-C298936A02A1}.Release|x86.Build.0 = Release|Win32
		{6994EACF-B4D0-4D87-95BE-61A045FC210C}.Debug|x64.ActiveCfg = Debug|x64
		{6994EACF-B4D0-4D87-95BE-61A045FC210C}.Debug|x64.Build.0 = Debug|x64
		{6994EACF-B4D0-4D87-95BE-61A045FC210C}.Debug|x86.ActiveCfg = Debug|Win32
		{6994EACF-B4D0-4D87-95BE-61A045FC210C}.Debug|x86.Build.0 = Debug|Win32
		{6994EACF-B4D0-4D87-95BE-61A045FC210C}.Release|x64.ActiveCfg = Release|x64
		{6994EACF-B4D0-4D87-95BE-61A045FC210C}.Release|x64.Build.0 = Release|x64
		{6994EACF-B4D0-4D87-95BE-61A045FC210C}.Release|x86.ActiveCfg = Release|Win32
		{6994EACF-B4D0-4D87-95BE-61A045FC210C}.Release|x86.Build.0 = Release|Win32
		{409ADC43-15E0-4EE6-BADB-B329E746694A}.Debug|x64.ActiveCfg = Debug|x64
		{409ADC43-15E0-4EE6-BADB-B329E746694A}.Debug|x64.Build.0 = Debug|x64
		{409ADC43-15E0-4EE6-BADB-B329E746694A}.Debug|x86.ActiveCfg = Debug|Win32
		{409ADC43-15E0-4EE6-BADB-B329E746694A}.Debug|x86.Build.0 = Debug|Win32
		{409ADC43-15E0-4EE6-BADB-B329E746694A}.Release|x64.ActiveCfg = Release|x64
		{409ADC43-15E0-4EE6-BADB-B329E746694A}.Release|x64.Build.0 = Release|x64
		{409ADC43-15E0-4EE6-BADB-B329E746694A}.Release|x86.ActiveCfg = Release|Win32
		{409ADC43-15E0-4EE6-BADB-B329E746694A}.Release|x86.Build.0 = Release|Win32
		{7E3280CC-CED6-459E-9A1D-48CCF2E48126}.Debug|x64.ActiveCfg = Debug|x64
		{7E3280CC-CED6-459E-9A1D-48CCF2E48126}.Debug|x64.Build.0 = Debug|x64
		{7E3280CC-CED6-459E-9A1D-48CCF2E48126}.Debug|x86.ActiveCfg = Debug|Win32
		{7E3280CC-CED6-459E-9A1D-48CCF2E48126}.Debug|x86.Build.0 = Debug|Win32
		{7E3280CC-CED6-459E-9A1D-48CCF2E48126}.Release|x64.ActiveCfg = Release|x64
		{7E3280CC-CED6-459E-9A1D-48CCF2E48126}.Release|x64.Build.0 = Release|x64
		{7E3280CC-CED6-459E-9A1D-48CCF2E48126}.Release|x86.ActiveCfg = Release|Win32
		{7E3280CC-CED6-459E-9A1D-48CCF2E48126}.Release|x86.Build.0 = Release|Win32
		{C904B320-9F5A-4B85-8622-634703062B55}.Debug|x64.ActiveCfg = Debug|x64
		{C904B320-9F5A-4B85-8622-634703062B55}.Debug|x64.Build.0 = Debug|x64
		{C904B320-9F5A-4B85-8622-634703062B55}.Debug|x86.ActiveCfg = Debug|Win32
		{C904B320-9F5A-4B85-8622-634703062B55}.Debug|x86.Build.0 = Debug|Win32
		{C904B320-9F5A-4B85-8622-634703062B55}.Release|x64.ActiveCfg = Release|x64
		{C904B320-9F5A-4B85-8622-634703062B55}.Release|x64.Build.0 = Release|x64
		{C904B320-9F5A-4B85-8622-634703062B55}.Release|x86.ActiveCfg = Release|Win32
		{C904B320-9F5A-4B85-8622-634703062B55}.Release|x86.Build.0 = Release|Win32
		{26BF2684-C697-477C-84F9-B2EF9A93A4BD}.Debug|x64.ActiveCfg = Debug|x64
		{26BF2684-C697-477C-84F9-B2EF9A93A4BD}.Debug|x64.Build.0 = Debug|x64
		{26BF2684-C697-477C-84F9-B2EF9A93A4BD}.Debug|x86.ActiveCfg = Debug|Win32
		{26BF2684-C697-477C-84F9-B2EF9A93A4BD}.Debug|x86.Build.0 = Debug|Win32
		{26BF2684-C697-477C-84F9-B2EF9A93A4BD}.Release|x64.ActiveCfg = Release|x64
		{26BF2684-C697-477C-84F9-B2EF9A93A4BD}.Release|x64.Build.0 = Release|x64
		{26BF2684-C697-477C-84F9-B2EF9A93A4BD}.Release|x86.ActiveCfg = Release|Win32
		{26BF2684-C697-477C-84F9-B2EF9A93A4BD}.Release|x86.Build.0 = Release|Win32
		{C03E8B5C-4934-4EB5-AD6C-EB52DFA92CEE}.Debug|x64.ActiveCfg = Debug|x64
		{C03E8B5C-4934-4EB5-AD6C-EB52DFA92CEE}.Debug|x64.Build.0 = Debug|x64
		{C03E8B5C-4934-4EB5-AD6C-EB52DFA92CEE}.Debug|x86.ActiveCfg = Debug|Win32
		{C03E8B5C-4934-4EB5-AD6C-EB52DFA92CEE}.Debug|x86.Build.0 = Debug|Win32
		{C03E8B5C-4934-4EB5-AD6C-EB52DFA92CEE}.Release|x64.ActiveCfg = Release|x64
		{C03E8B5C-4934-4EB5-AD6C-EB52DFA92CEE}.Release|x64.Build.0 = Release|x64
		{C03E8B5C-4934-4EB5-AD6C-EB52DFA92CEE}.Release|x86.ActiveCfg = Release|Win32
		{C03E8B5C-4934-4EB5-AD6C-EB52DFA92CEE}.Release|x86.Build.0 = Release|Win32
	EndGlobalSection
	GlobalSection(SolutionProperties) = preSolution
		HideSolutionNode = FALSE
	EndGlobalSection
	GlobalSection(ExtensibilityGlobals) = postSolution
		SolutionGuid = {791C6808-2B1D-4ED9-BFED-262F5F9BB74C}
	EndGlobalSection
EndGlobal
