
Microsoft Visual Studio Solution File, Format Version 12.00
# Visual Studio 15
VisualStudioVersion = 15.0.27130.2024
MinimumVisualStudioVersion = 10.0.40219.1
Project("{8BC9CEB8-8B4A-11D0-8D11-00A0C91BC942}") = "5-1", "5-1\5-1.vcxproj", "{19DE18E4-4F30-4105-B0E9-35342E9C4C44}"
EndProject
Project("{8BC9CEB8-8B4A-11D0-8D11-00A0C91BC942}") = "5-2", "5-2\5-2.vcxproj", "{21DE1B25-52EB-42F9-A48B-328DFA503968}"
EndProject
Project("{8BC9CEB8-8B4A-11D0-8D11-00A0C91BC942}") = "5-3", "5-3\5-3.vcxproj", "{30E5A3E8-BCE6-4353-A875-ECC52F13E42F}"
EndProject
Project("{8BC9CEB8-8B4A-11D0-8D11-00A0C91BC942}") = "5-4", "5-4\5-4.vcxproj", "{F8F340E4-EE4F-4617-B8B9-54B18614C02A}"
EndProject
Project("{8BC9CEB8-8B4A-11D0-8D11-00A0C91BC942}") = "5-5", "5-5\5-5.vcxproj", "{64C3080A-916E-4AC5-9F97-6584D91D522D}"
EndProject
Project("{8BC9CEB8-8B4A-11D0-8D11-00A0C91BC942}") = "5-6", "5-6\5-6.vcxproj", "{656131B8-80EB-4E2F-A5BC-DFCEEFAC3CBA}"
EndProject
Project("{8BC9CEB8-8B4A-11D0-8D11-00A0C91BC942}") = "5-7", "5-7\5-7.vcxproj", "{E2D9869E-1E38-418B-AAB4-798738B3EDAF}"
EndProject
Project("{8BC9CEB8-8B4A-11D0-8D11-00A0C91BC942}") = "5-8", "5-8\5-8.vcxproj", "{C823D78B-DD96-4CF1-9638-345047A3FDD2}"
EndProject
Project("{8BC9CEB8-8B4A-11D0-8D11-00A0C91BC942}") = "5-9", "5-9\5-9.vcxproj", "{618ECB94-F6D8-41EC-BE3F-B6E134580B0F}"
EndProject
Project("{8BC9CEB8-8B4A-11D0-8D11-00A0C91BC942}") = "5-10", "5-10\5-10.vcxproj", "{2F48CD08-15BB-4BB1-BC73-2D4291E5EB29}"
EndProject
Project("{8BC9CEB8-8B4A-11D0-8D11-00A0C91BC942}") = "5-11", "5-11\5-11.vcxproj", "{2700FC37-18ED-4257-8C28-A634626F81DD}"
EndProject
Project("{8BC9CEB8-8B4A-11D0-8D11-00A0C91BC942}") = "5-12", "5-12\5-12.vcxproj", "{7336D641-17CE-4E0F-8D6E-1C9F299E3636}"
EndProject
Project("{8BC9CEB8-8B4A-11D0-8D11-00A0C91BC942}") = "5-12(1)", "5-12(1)\5-12(1).vcxproj", "{EFAC77B1-CB36-4650-ACE9-71FFA8CA4D4E}"
EndProject
Project("{8BC9CEB8-8B4A-11D0-8D11-00A0C91BC942}") = "5-12(2)", "5-12(2)\5-12(2).vcxproj", "{7E13B637-A724-4A4E-B5A4-8D77EC54E6CE}"
EndProject
Project("{8BC9CEB8-8B4A-11D0-8D11-00A0C91BC942}") = "5-12(3)", "5-12(3)\5-12(3).vcxproj", "{680996B9-FB1E-46D1-947C-B4622685B226}"
EndProject
Project("{8BC9CEB8-8B4A-11D0-8D11-00A0C91BC942}") = "5-11(4) string 활용", "5-11(4) string 활용\5-11(4) string 활용.vcxproj", "{27A2EF65-EBEC-44F1-A8EA-A38F998AB8A7}"
EndProject
Global
	GlobalSection(SolutionConfigurationPlatforms) = preSolution
		Debug|x64 = Debug|x64
		Debug|x86 = Debug|x86
		Release|x64 = Release|x64
		Release|x86 = Release|x86
	EndGlobalSection
	GlobalSection(ProjectConfigurationPlatforms) = postSolution
		{19DE18E4-4F30-4105-B0E9-35342E9C4C44}.Debug|x64.ActiveCfg = Debug|x64
		{19DE18E4-4F30-4105-B0E9-35342E9C4C44}.Debug|x64.Build.0 = Debug|x64
		{19DE18E4-4F30-4105-B0E9-35342E9C4C44}.Debug|x86.ActiveCfg = Debug|Win32
		{19DE18E4-4F30-4105-B0E9-35342E9C4C44}.Debug|x86.Build.0 = Debug|Win32
		{19DE18E4-4F30-4105-B0E9-35342E9C4C44}.Release|x64.ActiveCfg = Release|x64
		{19DE18E4-4F30-4105-B0E9-35342E9C4C44}.Release|x64.Build.0 = Release|x64
		{19DE18E4-4F30-4105-B0E9-35342E9C4C44}.Release|x86.ActiveCfg = Release|Win32
		{19DE18E4-4F30-4105-B0E9-35342E9C4C44}.Release|x86.Build.0 = Release|Win32
		{21DE1B25-52EB-42F9-A48B-328DFA503968}.Debug|x64.ActiveCfg = Debug|x64
		{21DE1B25-52EB-42F9-A48B-328DFA503968}.Debug|x64.Build.0 = Debug|x64
		{21DE1B25-52EB-42F9-A48B-328DFA503968}.Debug|x86.ActiveCfg = Debug|Win32
		{21DE1B25-52EB-42F9-A48B-328DFA503968}.Debug|x86.Build.0 = Debug|Win32
		{21DE1B25-52EB-42F9-A48B-328DFA503968}.Release|x64.ActiveCfg = Release|x64
		{21DE1B25-52EB-42F9-A48B-328DFA503968}.Release|x64.Build.0 = Release|x64
		{21DE1B25-52EB-42F9-A48B-328DFA503968}.Release|x86.ActiveCfg = Release|Win32
		{21DE1B25-52EB-42F9-A48B-328DFA503968}.Release|x86.Build.0 = Release|Win32
		{30E5A3E8-BCE6-4353-A875-ECC52F13E42F}.Debug|x64.ActiveCfg = Debug|x64
		{30E5A3E8-BCE6-4353-A875-ECC52F13E42F}.Debug|x64.Build.0 = Debug|x64
		{30E5A3E8-BCE6-4353-A875-ECC52F13E42F}.Debug|x86.ActiveCfg = Debug|Win32
		{30E5A3E8-BCE6-4353-A875-ECC52F13E42F}.Debug|x86.Build.0 = Debug|Win32
		{30E5A3E8-BCE6-4353-A875-ECC52F13E42F}.Release|x64.ActiveCfg = Release|x64
		{30E5A3E8-BCE6-4353-A875-ECC52F13E42F}.Release|x64.Build.0 = Release|x64
		{30E5A3E8-BCE6-4353-A875-ECC52F13E42F}.Release|x86.ActiveCfg = Release|Win32
		{30E5A3E8-BCE6-4353-A875-ECC52F13E42F}.Release|x86.Build.0 = Release|Win32
		{F8F340E4-EE4F-4617-B8B9-54B18614C02A}.Debug|x64.ActiveCfg = Debug|x64
		{F8F340E4-EE4F-4617-B8B9-54B18614C02A}.Debug|x64.Build.0 = Debug|x64
		{F8F340E4-EE4F-4617-B8B9-54B18614C02A}.Debug|x86.ActiveCfg = Debug|Win32
		{F8F340E4-EE4F-4617-B8B9-54B18614C02A}.Debug|x86.Build.0 = Debug|Win32
		{F8F340E4-EE4F-4617-B8B9-54B18614C02A}.Release|x64.ActiveCfg = Release|x64
		{F8F340E4-EE4F-4617-B8B9-54B18614C02A}.Release|x64.Build.0 = Release|x64
		{F8F340E4-EE4F-4617-B8B9-54B18614C02A}.Release|x86.ActiveCfg = Release|Win32
		{F8F340E4-EE4F-4617-B8B9-54B18614C02A}.Release|x86.Build.0 = Release|Win32
		{64C3080A-916E-4AC5-9F97-6584D91D522D}.Debug|x64.ActiveCfg = Debug|x64
		{64C3080A-916E-4AC5-9F97-6584D91D522D}.Debug|x64.Build.0 = Debug|x64
		{64C3080A-916E-4AC5-9F97-6584D91D522D}.Debug|x86.ActiveCfg = Debug|Win32
		{64C3080A-916E-4AC5-9F97-6584D91D522D}.Debug|x86.Build.0 = Debug|Win32
		{64C3080A-916E-4AC5-9F97-6584D91D522D}.Release|x64.ActiveCfg = Release|x64
		{64C3080A-916E-4AC5-9F97-6584D91D522D}.Release|x64.Build.0 = Release|x64
		{64C3080A-916E-4AC5-9F97-6584D91D522D}.Release|x86.ActiveCfg = Release|Win32
		{64C3080A-916E-4AC5-9F97-6584D91D522D}.Release|x86.Build.0 = Release|Win32
		{656131B8-80EB-4E2F-A5BC-DFCEEFAC3CBA}.Debug|x64.ActiveCfg = Debug|x64
		{656131B8-80EB-4E2F-A5BC-DFCEEFAC3CBA}.Debug|x64.Build.0 = Debug|x64
		{656131B8-80EB-4E2F-A5BC-DFCEEFAC3CBA}.Debug|x86.ActiveCfg = Debug|Win32
		{656131B8-80EB-4E2F-A5BC-DFCEEFAC3CBA}.Debug|x86.Build.0 = Debug|Win32
		{656131B8-80EB-4E2F-A5BC-DFCEEFAC3CBA}.Release|x64.ActiveCfg = Release|x64
		{656131B8-80EB-4E2F-A5BC-DFCEEFAC3CBA}.Release|x64.Build.0 = Release|x64
		{656131B8-80EB-4E2F-A5BC-DFCEEFAC3CBA}.Release|x86.ActiveCfg = Release|Win32
		{656131B8-80EB-4E2F-A5BC-DFCEEFAC3CBA}.Release|x86.Build.0 = Release|Win32
		{E2D9869E-1E38-418B-AAB4-798738B3EDAF}.Debug|x64.ActiveCfg = Debug|x64
		{E2D9869E-1E38-418B-AAB4-798738B3EDAF}.Debug|x64.Build.0 = Debug|x64
		{E2D9869E-1E38-418B-AAB4-798738B3EDAF}.Debug|x86.ActiveCfg = Debug|Win32
		{E2D9869E-1E38-418B-AAB4-798738B3EDAF}.Debug|x86.Build.0 = Debug|Win32
		{E2D9869E-1E38-418B-AAB4-798738B3EDAF}.Release|x64.ActiveCfg = Release|x64
		{E2D9869E-1E38-418B-AAB4-798738B3EDAF}.Release|x64.Build.0 = Release|x64
		{E2D9869E-1E38-418B-AAB4-798738B3EDAF}.Release|x86.ActiveCfg = Release|Win32
		{E2D9869E-1E38-418B-AAB4-798738B3EDAF}.Release|x86.Build.0 = Release|Win32
		{C823D78B-DD96-4CF1-9638-345047A3FDD2}.Debug|x64.ActiveCfg = Debug|x64
		{C823D78B-DD96-4CF1-9638-345047A3FDD2}.Debug|x64.Build.0 = Debug|x64
		{C823D78B-DD96-4CF1-9638-345047A3FDD2}.Debug|x86.ActiveCfg = Debug|Win32
		{C823D78B-DD96-4CF1-9638-345047A3FDD2}.Debug|x86.Build.0 = Debug|Win32
		{C823D78B-DD96-4CF1-9638-345047A3FDD2}.Release|x64.ActiveCfg = Release|x64
		{C823D78B-DD96-4CF1-9638-345047A3FDD2}.Release|x64.Build.0 = Release|x64
		{C823D78B-DD96-4CF1-9638-345047A3FDD2}.Release|x86.ActiveCfg = Release|Win32
		{C823D78B-DD96-4CF1-9638-345047A3FDD2}.Release|x86.Build.0 = Release|Win32
		{618ECB94-F6D8-41EC-BE3F-B6E134580B0F}.Debug|x64.ActiveCfg = Debug|x64
		{618ECB94-F6D8-41EC-BE3F-B6E134580B0F}.Debug|x64.Build.0 = Debug|x64
		{618ECB94-F6D8-41EC-BE3F-B6E134580B0F}.Debug|x86.ActiveCfg = Debug|Win32
		{618ECB94-F6D8-41EC-BE3F-B6E134580B0F}.Debug|x86.Build.0 = Debug|Win32
		{618ECB94-F6D8-41EC-BE3F-B6E134580B0F}.Release|x64.ActiveCfg = Release|x64
		{618ECB94-F6D8-41EC-BE3F-B6E134580B0F}.Release|x64.Build.0 = Release|x64
		{618ECB94-F6D8-41EC-BE3F-B6E134580B0F}.Release|x86.ActiveCfg = Release|Win32
		{618ECB94-F6D8-41EC-BE3F-B6E134580B0F}.Release|x86.Build.0 = Release|Win32
		{2F48CD08-15BB-4BB1-BC73-2D4291E5EB29}.Debug|x64.ActiveCfg = Debug|x64
		{2F48CD08-15BB-4BB1-BC73-2D4291E5EB29}.Debug|x64.Build.0 = Debug|x64
		{2F48CD08-15BB-4BB1-BC73-2D4291E5EB29}.Debug|x86.ActiveCfg = Debug|Win32
		{2F48CD08-15BB-4BB1-BC73-2D4291E5EB29}.Debug|x86.Build.0 = Debug|Win32
		{2F48CD08-15BB-4BB1-BC73-2D4291E5EB29}.Release|x64.ActiveCfg = Release|x64
		{2F48CD08-15BB-4BB1-BC73-2D4291E5EB29}.Release|x64.Build.0 = Release|x64
		{2F48CD08-15BB-4BB1-BC73-2D4291E5EB29}.Release|x86.ActiveCfg = Release|Win32
		{2F48CD08-15BB-4BB1-BC73-2D4291E5EB29}.Release|x86.Build.0 = Release|Win32
		{2700FC37-18ED-4257-8C28-A634626F81DD}.Debug|x64.ActiveCfg = Debug|x64
		{2700FC37-18ED-4257-8C28-A634626F81DD}.Debug|x64.Build.0 = Debug|x64
		{2700FC37-18ED-4257-8C28-A634626F81DD}.Debug|x86.ActiveCfg = Debug|Win32
		{2700FC37-18ED-4257-8C28-A634626F81DD}.Debug|x86.Build.0 = Debug|Win32
		{2700FC37-18ED-4257-8C28-A634626F81DD}.Release|x64.ActiveCfg = Release|x64
		{2700FC37-18ED-4257-8C28-A634626F81DD}.Release|x64.Build.0 = Release|x64
		{2700FC37-18ED-4257-8C28-A634626F81DD}.Release|x86.ActiveCfg = Release|Win32
		{2700FC37-18ED-4257-8C28-A634626F81DD}.Release|x86.Build.0 = Release|Win32
		{7336D641-17CE-4E0F-8D6E-1C9F299E3636}.Debug|x64.ActiveCfg = Debug|x64
		{7336D641-17CE-4E0F-8D6E-1C9F299E3636}.Debug|x64.Build.0 = Debug|x64
		{7336D641-17CE-4E0F-8D6E-1C9F299E3636}.Debug|x86.ActiveCfg = Debug|Win32
		{7336D641-17CE-4E0F-8D6E-1C9F299E3636}.Debug|x86.Build.0 = Debug|Win32
		{7336D641-17CE-4E0F-8D6E-1C9F299E3636}.Release|x64.ActiveCfg = Release|x64
		{7336D641-17CE-4E0F-8D6E-1C9F299E3636}.Release|x64.Build.0 = Release|x64
		{7336D641-17CE-4E0F-8D6E-1C9F299E3636}.Release|x86.ActiveCfg = Release|Win32
		{7336D641-17CE-4E0F-8D6E-1C9F299E3636}.Release|x86.Build.0 = Release|Win32
		{EFAC77B1-CB36-4650-ACE9-71FFA8CA4D4E}.Debug|x64.ActiveCfg = Debug|x64
		{EFAC77B1-CB36-4650-ACE9-71FFA8CA4D4E}.Debug|x64.Build.0 = Debug|x64
		{EFAC77B1-CB36-4650-ACE9-71FFA8CA4D4E}.Debug|x86.ActiveCfg = Debug|Win32
		{EFAC77B1-CB36-4650-ACE9-71FFA8CA4D4E}.Debug|x86.Build.0 = Debug|Win32
		{EFAC77B1-CB36-4650-ACE9-71FFA8CA4D4E}.Release|x64.ActiveCfg = Release|x64
		{EFAC77B1-CB36-4650-ACE9-71FFA8CA4D4E}.Release|x64.Build.0 = Release|x64
		{EFAC77B1-CB36-4650-ACE9-71FFA8CA4D4E}.Release|x86.ActiveCfg = Release|Win32
		{EFAC77B1-CB36-4650-ACE9-71FFA8CA4D4E}.Release|x86.Build.0 = Release|Win32
		{7E13B637-A724-4A4E-B5A4-8D77EC54E6CE}.Debug|x64.ActiveCfg = Debug|x64
		{7E13B637-A724-4A4E-B5A4-8D77EC54E6CE}.Debug|x64.Build.0 = Debug|x64
		{7E13B637-A724-4A4E-B5A4-8D77EC54E6CE}.Debug|x86.ActiveCfg = Debug|Win32
		{7E13B637-A724-4A4E-B5A4-8D77EC54E6CE}.Debug|x86.Build.0 = Debug|Win32
		{7E13B637-A724-4A4E-B5A4-8D77EC54E6CE}.Release|x64.ActiveCfg = Release|x64
		{7E13B637-A724-4A4E-B5A4-8D77EC54E6CE}.Release|x64.Build.0 = Release|x64
		{7E13B637-A724-4A4E-B5A4-8D77EC54E6CE}.Release|x86.ActiveCfg = Release|Win32
		{7E13B637-A724-4A4E-B5A4-8D77EC54E6CE}.Release|x86.Build.0 = Release|Win32
		{680996B9-FB1E-46D1-947C-B4622685B226}.Debug|x64.ActiveCfg = Debug|x64
		{680996B9-FB1E-46D1-947C-B4622685B226}.Debug|x64.Build.0 = Debug|x64
		{680996B9-FB1E-46D1-947C-B4622685B226}.Debug|x86.ActiveCfg = Debug|Win32
		{680996B9-FB1E-46D1-947C-B4622685B226}.Debug|x86.Build.0 = Debug|Win32
		{680996B9-FB1E-46D1-947C-B4622685B226}.Release|x64.ActiveCfg = Release|x64
		{680996B9-FB1E-46D1-947C-B4622685B226}.Release|x64.Build.0 = Release|x64
		{680996B9-FB1E-46D1-947C-B4622685B226}.Release|x86.ActiveCfg = Release|Win32
		{680996B9-FB1E-46D1-947C-B4622685B226}.Release|x86.Build.0 = Release|Win32
		{27A2EF65-EBEC-44F1-A8EA-A38F998AB8A7}.Debug|x64.ActiveCfg = Debug|x64
		{27A2EF65-EBEC-44F1-A8EA-A38F998AB8A7}.Debug|x64.Build.0 = Debug|x64
		{27A2EF65-EBEC-44F1-A8EA-A38F998AB8A7}.Debug|x86.ActiveCfg = Debug|Win32
		{27A2EF65-EBEC-44F1-A8EA-A38F998AB8A7}.Debug|x86.Build.0 = Debug|Win32
		{27A2EF65-EBEC-44F1-A8EA-A38F998AB8A7}.Release|x64.ActiveCfg = Release|x64
		{27A2EF65-EBEC-44F1-A8EA-A38F998AB8A7}.Release|x64.Build.0 = Release|x64
		{27A2EF65-EBEC-44F1-A8EA-A38F998AB8A7}.Release|x86.ActiveCfg = Release|Win32
		{27A2EF65-EBEC-44F1-A8EA-A38F998AB8A7}.Release|x86.Build.0 = Release|Win32
	EndGlobalSection
	GlobalSection(SolutionProperties) = preSolution
		HideSolutionNode = FALSE
	EndGlobalSection
	GlobalSection(ExtensibilityGlobals) = postSolution
		SolutionGuid = {0CF58CB9-6443-44F8-B44B-D6D26FC706A4}
	EndGlobalSection
EndGlobal
