
Microsoft Visual Studio Solution File, Format Version 12.00
# Visual Studio 15
VisualStudioVersion = 15.0.27130.2024
MinimumVisualStudioVersion = 10.0.40219.1
Project("{8BC9CEB8-8B4A-11D0-8D11-00A0C91BC942}") = "3-1", "3-1\3-1.vcxproj", "{AAE43901-3B44-4E2D-B3E4-B8429E1783F8}"
EndProject
Project("{8BC9CEB8-8B4A-11D0-8D11-00A0C91BC942}") = "3-2", "3-2\3-2.vcxproj", "{60ECB670-B265-409B-A3E8-41E9B16468D5}"
EndProject
Project("{8BC9CEB8-8B4A-11D0-8D11-00A0C91BC942}") = "3-3", "3-3\3-3.vcxproj", "{9B6FB25B-D0FA-478C-8659-7B0B31B94772}"
EndProject
Project("{8BC9CEB8-8B4A-11D0-8D11-00A0C91BC942}") = "3-4", "3-4\3-4.vcxproj", "{7EB3DCDB-EF2C-4F3D-9B27-607D090FD603}"
EndProject
Project("{8BC9CEB8-8B4A-11D0-8D11-00A0C91BC942}") = "3-5", "3-5\3-5.vcxproj", "{2A622969-D6A2-457B-BF08-2CB17392D6AE}"
EndProject
Project("{8BC9CEB8-8B4A-11D0-8D11-00A0C91BC942}") = "3-6", "3-6\3-6.vcxproj", "{035EA47B-1665-488A-B0D0-23F804A66468}"
EndProject
Project("{8BC9CEB8-8B4A-11D0-8D11-00A0C91BC942}") = "3-7", "3-7\3-7.vcxproj", "{FB8F1098-279A-4762-9611-2E33B50D3D86}"
EndProject
Project("{8BC9CEB8-8B4A-11D0-8D11-00A0C91BC942}") = "3-9", "3-9\3-9.vcxproj", "{370DD18E-1825-4024-A5B5-653C89B2D4B5}"
EndProject
Project("{8BC9CEB8-8B4A-11D0-8D11-00A0C91BC942}") = "3-8", "3-8\3-8.vcxproj", "{5D0D5B26-FEA8-439F-AC67-34E4C5709298}"
EndProject
Project("{8BC9CEB8-8B4A-11D0-8D11-00A0C91BC942}") = "3-10-2(헤더와 cpp 분리)", "3-10-2(헤더와 cpp 분리)\3-10-2(헤더와 cpp 분리).vcxproj", "{103D47CA-6176-4C9A-9D59-B99BB5AF4B45}"
EndProject
Project("{8BC9CEB8-8B4A-11D0-8D11-00A0C91BC942}") = "3-11", "3-11\3-11.vcxproj", "{DF9F3D4F-DF25-4268-A5C7-13F13ECD5075}"
EndProject
Project("{8BC9CEB8-8B4A-11D0-8D11-00A0C91BC942}") = "3-12", "3-12\3-12.vcxproj", "{99FBDF24-9A83-468E-86FF-2491B944FEA6}"
EndProject
Project("{8BC9CEB8-8B4A-11D0-8D11-00A0C91BC942}") = "3-10-1", "3-10-1\3-10-1.vcxproj", "{CB2107FF-9339-4671-9341-81BE2038ACF1}"
EndProject
Global
	GlobalSection(SolutionConfigurationPlatforms) = preSolution
		Debug|x64 = Debug|x64
		Debug|x86 = Debug|x86
		Release|x64 = Release|x64
		Release|x86 = Release|x86
	EndGlobalSection
	GlobalSection(ProjectConfigurationPlatforms) = postSolution
		{AAE43901-3B44-4E2D-B3E4-B8429E1783F8}.Debug|x64.ActiveCfg = Debug|x64
		{AAE43901-3B44-4E2D-B3E4-B8429E1783F8}.Debug|x64.Build.0 = Debug|x64
		{AAE43901-3B44-4E2D-B3E4-B8429E1783F8}.Debug|x86.ActiveCfg = Debug|Win32
		{AAE43901-3B44-4E2D-B3E4-B8429E1783F8}.Debug|x86.Build.0 = Debug|Win32
		{AAE43901-3B44-4E2D-B3E4-B8429E1783F8}.Release|x64.ActiveCfg = Release|x64
		{AAE43901-3B44-4E2D-B3E4-B8429E1783F8}.Release|x64.Build.0 = Release|x64
		{AAE43901-3B44-4E2D-B3E4-B8429E1783F8}.Release|x86.ActiveCfg = Release|Win32
		{AAE43901-3B44-4E2D-B3E4-B8429E1783F8}.Release|x86.Build.0 = Release|Win32
		{60ECB670-B265-409B-A3E8-41E9B16468D5}.Debug|x64.ActiveCfg = Debug|x64
		{60ECB670-B265-409B-A3E8-41E9B16468D5}.Debug|x64.Build.0 = Debug|x64
		{60ECB670-B265-409B-A3E8-41E9B16468D5}.Debug|x86.ActiveCfg = Debug|Win32
		{60ECB670-B265-409B-A3E8-41E9B16468D5}.Debug|x86.Build.0 = Debug|Win32
		{60ECB670-B265-409B-A3E8-41E9B16468D5}.Release|x64.ActiveCfg = Release|x64
		{60ECB670-B265-409B-A3E8-41E9B16468D5}.Release|x64.Build.0 = Release|x64
		{60ECB670-B265-409B-A3E8-41E9B16468D5}.Release|x86.ActiveCfg = Release|Win32
		{60ECB670-B265-409B-A3E8-41E9B16468D5}.Release|x86.Build.0 = Release|Win32
		{9B6FB25B-D0FA-478C-8659-7B0B31B94772}.Debug|x64.ActiveCfg = Debug|x64
		{9B6FB25B-D0FA-478C-8659-7B0B31B94772}.Debug|x64.Build.0 = Debug|x64
		{9B6FB25B-D0FA-478C-8659-7B0B31B94772}.Debug|x86.ActiveCfg = Debug|Win32
		{9B6FB25B-D0FA-478C-8659-7B0B31B94772}.Debug|x86.Build.0 = Debug|Win32
		{9B6FB25B-D0FA-478C-8659-7B0B31B94772}.Release|x64.ActiveCfg = Release|x64
		{9B6FB25B-D0FA-478C-8659-7B0B31B94772}.Release|x64.Build.0 = Release|x64
		{9B6FB25B-D0FA-478C-8659-7B0B31B94772}.Release|x86.ActiveCfg = Release|Win32
		{9B6FB25B-D0FA-478C-8659-7B0B31B94772}.Release|x86.Build.0 = Release|Win32
		{7EB3DCDB-EF2C-4F3D-9B27-607D090FD603}.Debug|x64.ActiveCfg = Debug|x64
		{7EB3DCDB-EF2C-4F3D-9B27-607D090FD603}.Debug|x64.Build.0 = Debug|x64
		{7EB3DCDB-EF2C-4F3D-9B27-607D090FD603}.Debug|x86.ActiveCfg = Debug|Win32
		{7EB3DCDB-EF2C-4F3D-9B27-607D090FD603}.Debug|x86.Build.0 = Debug|Win32
		{7EB3DCDB-EF2C-4F3D-9B27-607D090FD603}.Release|x64.ActiveCfg = Release|x64
		{7EB3DCDB-EF2C-4F3D-9B27-607D090FD603}.Release|x64.Build.0 = Release|x64
		{7EB3DCDB-EF2C-4F3D-9B27-607D090FD603}.Release|x86.ActiveCfg = Release|Win32
		{7EB3DCDB-EF2C-4F3D-9B27-607D090FD603}.Release|x86.Build.0 = Release|Win32
		{2A622969-D6A2-457B-BF08-2CB17392D6AE}.Debug|x64.ActiveCfg = Debug|x64
		{2A622969-D6A2-457B-BF08-2CB17392D6AE}.Debug|x64.Build.0 = Debug|x64
		{2A622969-D6A2-457B-BF08-2CB17392D6AE}.Debug|x86.ActiveCfg = Debug|Win32
		{2A622969-D6A2-457B-BF08-2CB17392D6AE}.Debug|x86.Build.0 = Debug|Win32
		{2A622969-D6A2-457B-BF08-2CB17392D6AE}.Release|x64.ActiveCfg = Release|x64
		{2A622969-D6A2-457B-BF08-2CB17392D6AE}.Release|x64.Build.0 = Release|x64
		{2A622969-D6A2-457B-BF08-2CB17392D6AE}.Release|x86.ActiveCfg = Release|Win32
		{2A622969-D6A2-457B-BF08-2CB17392D6AE}.Release|x86.Build.0 = Release|Win32
		{035EA47B-1665-488A-B0D0-23F804A66468}.Debug|x64.ActiveCfg = Debug|x64
		{035EA47B-1665-488A-B0D0-23F804A66468}.Debug|x64.Build.0 = Debug|x64
		{035EA47B-1665-488A-B0D0-23F804A66468}.Debug|x86.ActiveCfg = Debug|Win32
		{035EA47B-1665-488A-B0D0-23F804A66468}.Debug|x86.Build.0 = Debug|Win32
		{035EA47B-1665-488A-B0D0-23F804A66468}.Release|x64.ActiveCfg = Release|x64
		{035EA47B-1665-488A-B0D0-23F804A66468}.Release|x64.Build.0 = Release|x64
		{035EA47B-1665-488A-B0D0-23F804A66468}.Release|x86.ActiveCfg = Release|Win32
		{035EA47B-1665-488A-B0D0-23F804A66468}.Release|x86.Build.0 = Release|Win32
		{FB8F1098-279A-4762-9611-2E33B50D3D86}.Debug|x64.ActiveCfg = Debug|x64
		{FB8F1098-279A-4762-9611-2E33B50D3D86}.Debug|x64.Build.0 = Debug|x64
		{FB8F1098-279A-4762-9611-2E33B50D3D86}.Debug|x86.ActiveCfg = Debug|Win32
		{FB8F1098-279A-4762-9611-2E33B50D3D86}.Debug|x86.Build.0 = Debug|Win32
		{FB8F1098-279A-4762-9611-2E33B50D3D86}.Release|x64.ActiveCfg = Release|x64
		{FB8F1098-279A-4762-9611-2E33B50D3D86}.Release|x64.Build.0 = Release|x64
		{FB8F1098-279A-4762-9611-2E33B50D3D86}.Release|x86.ActiveCfg = Release|Win32
		{FB8F1098-279A-4762-9611-2E33B50D3D86}.Release|x86.Build.0 = Release|Win32
		{370DD18E-1825-4024-A5B5-653C89B2D4B5}.Debug|x64.ActiveCfg = Debug|x64
		{370DD18E-1825-4024-A5B5-653C89B2D4B5}.Debug|x64.Build.0 = Debug|x64
		{370DD18E-1825-4024-A5B5-653C89B2D4B5}.Debug|x86.ActiveCfg = Debug|Win32
		{370DD18E-1825-4024-A5B5-653C89B2D4B5}.Debug|x86.Build.0 = Debug|Win32
		{370DD18E-1825-4024-A5B5-653C89B2D4B5}.Release|x64.ActiveCfg = Release|x64
		{370DD18E-1825-4024-A5B5-653C89B2D4B5}.Release|x64.Build.0 = Release|x64
		{370DD18E-1825-4024-A5B5-653C89B2D4B5}.Release|x86.ActiveCfg = Release|Win32
		{370DD18E-1825-4024-A5B5-653C89B2D4B5}.Release|x86.Build.0 = Release|Win32
		{5D0D5B26-FEA8-439F-AC67-34E4C5709298}.Debug|x64.ActiveCfg = Debug|x64
		{5D0D5B26-FEA8-439F-AC67-34E4C5709298}.Debug|x64.Build.0 = Debug|x64
		{5D0D5B26-FEA8-439F-AC67-34E4C5709298}.Debug|x86.ActiveCfg = Debug|Win32
		{5D0D5B26-FEA8-439F-AC67-34E4C5709298}.Debug|x86.Build.0 = Debug|Win32
		{5D0D5B26-FEA8-439F-AC67-34E4C5709298}.Release|x64.ActiveCfg = Release|x64
		{5D0D5B26-FEA8-439F-AC67-34E4C5709298}.Release|x64.Build.0 = Release|x64
		{5D0D5B26-FEA8-439F-AC67-34E4C5709298}.Release|x86.ActiveCfg = Release|Win32
		{5D0D5B26-FEA8-439F-AC67-34E4C5709298}.Release|x86.Build.0 = Release|Win32
		{103D47CA-6176-4C9A-9D59-B99BB5AF4B45}.Debug|x64.ActiveCfg = Debug|x64
		{103D47CA-6176-4C9A-9D59-B99BB5AF4B45}.Debug|x64.Build.0 = Debug|x64
		{103D47CA-6176-4C9A-9D59-B99BB5AF4B45}.Debug|x86.ActiveCfg = Debug|Win32
		{103D47CA-6176-4C9A-9D59-B99BB5AF4B45}.Debug|x86.Build.0 = Debug|Win32
		{103D47CA-6176-4C9A-9D59-B99BB5AF4B45}.Release|x64.ActiveCfg = Release|x64
		{103D47CA-6176-4C9A-9D59-B99BB5AF4B45}.Release|x64.Build.0 = Release|x64
		{103D47CA-6176-4C9A-9D59-B99BB5AF4B45}.Release|x86.ActiveCfg = Release|Win32
		{103D47CA-6176-4C9A-9D59-B99BB5AF4B45}.Release|x86.Build.0 = Release|Win32
		{DF9F3D4F-DF25-4268-A5C7-13F13ECD5075}.Debug|x64.ActiveCfg = Debug|x64
		{DF9F3D4F-DF25-4268-A5C7-13F13ECD5075}.Debug|x64.Build.0 = Debug|x64
		{DF9F3D4F-DF25-4268-A5C7-13F13ECD5075}.Debug|x86.ActiveCfg = Debug|Win32
		{DF9F3D4F-DF25-4268-A5C7-13F13ECD5075}.Debug|x86.Build.0 = Debug|Win32
		{DF9F3D4F-DF25-4268-A5C7-13F13ECD5075}.Release|x64.ActiveCfg = Release|x64
		{DF9F3D4F-DF25-4268-A5C7-13F13ECD5075}.Release|x64.Build.0 = Release|x64
		{DF9F3D4F-DF25-4268-A5C7-13F13ECD5075}.Release|x86.ActiveCfg = Release|Win32
		{DF9F3D4F-DF25-4268-A5C7-13F13ECD5075}.Release|x86.Build.0 = Release|Win32
		{99FBDF24-9A83-468E-86FF-2491B944FEA6}.Debug|x64.ActiveCfg = Debug|x64
		{99FBDF24-9A83-468E-86FF-2491B944FEA6}.Debug|x64.Build.0 = Debug|x64
		{99FBDF24-9A83-468E-86FF-2491B944FEA6}.Debug|x86.ActiveCfg = Debug|Win32
		{99FBDF24-9A83-468E-86FF-2491B944FEA6}.Debug|x86.Build.0 = Debug|Win32
		{99FBDF24-9A83-468E-86FF-2491B944FEA6}.Release|x64.ActiveCfg = Release|x64
		{99FBDF24-9A83-468E-86FF-2491B944FEA6}.Release|x64.Build.0 = Release|x64
		{99FBDF24-9A83-468E-86FF-2491B944FEA6}.Release|x86.ActiveCfg = Release|Win32
		{99FBDF24-9A83-468E-86FF-2491B944FEA6}.Release|x86.Build.0 = Release|Win32
		{CB2107FF-9339-4671-9341-81BE2038ACF1}.Debug|x64.ActiveCfg = Debug|x64
		{CB2107FF-9339-4671-9341-81BE2038ACF1}.Debug|x64.Build.0 = Debug|x64
		{CB2107FF-9339-4671-9341-81BE2038ACF1}.Debug|x86.ActiveCfg = Debug|Win32
		{CB2107FF-9339-4671-9341-81BE2038ACF1}.Debug|x86.Build.0 = Debug|Win32
		{CB2107FF-9339-4671-9341-81BE2038ACF1}.Release|x64.ActiveCfg = Release|x64
		{CB2107FF-9339-4671-9341-81BE2038ACF1}.Release|x64.Build.0 = Release|x64
		{CB2107FF-9339-4671-9341-81BE2038ACF1}.Release|x86.ActiveCfg = Release|Win32
		{CB2107FF-9339-4671-9341-81BE2038ACF1}.Release|x86.Build.0 = Release|Win32
	EndGlobalSection
	GlobalSection(SolutionProperties) = preSolution
		HideSolutionNode = FALSE
	EndGlobalSection
	GlobalSection(ExtensibilityGlobals) = postSolution
		SolutionGuid = {EE5AC079-BF8B-441E-B585-8F691D264E61}
	EndGlobalSection
EndGlobal
