
Microsoft Visual Studio Solution File, Format Version 12.00
# Visual Studio 15
VisualStudioVersion = 15.0.27130.2010
MinimumVisualStudioVersion = 10.0.40219.1
Project("{8BC9CEB8-8B4A-11D0-8D11-00A0C91BC942}") = "11-1", "11-1\11-1.vcxproj", "{EAB88B21-3595-4A9D-BD8A-ED8F89ED23CB}"
EndProject
Project("{8BC9CEB8-8B4A-11D0-8D11-00A0C91BC942}") = "11-2", "11-2\11-2.vcxproj", "{11E23252-6E6E-461C-8A02-964D3B46F14C}"
EndProject
Project("{8BC9CEB8-8B4A-11D0-8D11-00A0C91BC942}") = "11-3", "11-3\11-3.vcxproj", "{EE6BFA07-A574-4D6A-B787-E8DC0041C40D}"
EndProject
Project("{8BC9CEB8-8B4A-11D0-8D11-00A0C91BC942}") = "11-4", "11-4\11-4.vcxproj", "{CCAEB321-2704-4B4C-AE0A-A3E81E0927CD}"
EndProject
Project("{8BC9CEB8-8B4A-11D0-8D11-00A0C91BC942}") = "11-5", "11-5\11-5.vcxproj", "{3FC8DF9B-61CA-479C-96BE-CBDE7946E86A}"
EndProject
Project("{8BC9CEB8-8B4A-11D0-8D11-00A0C91BC942}") = "11-6", "11-6\11-6.vcxproj", "{B6057364-0085-448C-A786-FBDAD6FC3B40}"
EndProject
Project("{8BC9CEB8-8B4A-11D0-8D11-00A0C91BC942}") = "11-7", "11-7\11-7.vcxproj", "{3BBD49E4-62DA-413C-88D4-410237A4AF7A}"
EndProject
Project("{8BC9CEB8-8B4A-11D0-8D11-00A0C91BC942}") = "11-8", "11-8\11-8.vcxproj", "{7474D27C-E250-40F1-A595-7003B22F584E}"
EndProject
Project("{8BC9CEB8-8B4A-11D0-8D11-00A0C91BC942}") = "11-9", "11-9\11-9.vcxproj", "{BCEAF37B-5E5B-4D50-9DCA-2B4444365312}"
EndProject
Project("{8BC9CEB8-8B4A-11D0-8D11-00A0C91BC942}") = "11-10", "11-10\11-10.vcxproj", "{DBD03D3C-4F39-4EA2-BD71-E6F096EDC69B}"
EndProject
Project("{8BC9CEB8-8B4A-11D0-8D11-00A0C91BC942}") = "11-11", "11-11\11-11.vcxproj", "{8EF62DB5-959B-422A-9C2D-D0C583C3C90B}"
EndProject
Project("{8BC9CEB8-8B4A-11D0-8D11-00A0C91BC942}") = "11-12", "11-12\11-12.vcxproj", "{EF206877-708A-40CA-B393-C6C5724951B5}"
EndProject
Global
	GlobalSection(SolutionConfigurationPlatforms) = preSolution
		Debug|x64 = Debug|x64
		Debug|x86 = Debug|x86
		Release|x64 = Release|x64
		Release|x86 = Release|x86
	EndGlobalSection
	GlobalSection(ProjectConfigurationPlatforms) = postSolution
		{EAB88B21-3595-4A9D-BD8A-ED8F89ED23CB}.Debug|x64.ActiveCfg = Debug|x64
		{EAB88B21-3595-4A9D-BD8A-ED8F89ED23CB}.Debug|x64.Build.0 = Debug|x64
		{EAB88B21-3595-4A9D-BD8A-ED8F89ED23CB}.Debug|x86.ActiveCfg = Debug|Win32
		{EAB88B21-3595-4A9D-BD8A-ED8F89ED23CB}.Debug|x86.Build.0 = Debug|Win32
		{EAB88B21-3595-4A9D-BD8A-ED8F89ED23CB}.Release|x64.ActiveCfg = Release|x64
		{EAB88B21-3595-4A9D-BD8A-ED8F89ED23CB}.Release|x64.Build.0 = Release|x64
		{EAB88B21-3595-4A9D-BD8A-ED8F89ED23CB}.Release|x86.ActiveCfg = Release|Win32
		{EAB88B21-3595-4A9D-BD8A-ED8F89ED23CB}.Release|x86.Build.0 = Release|Win32
		{11E23252-6E6E-461C-8A02-964D3B46F14C}.Debug|x64.ActiveCfg = Debug|x64
		{11E23252-6E6E-461C-8A02-964D3B46F14C}.Debug|x64.Build.0 = Debug|x64
		{11E23252-6E6E-461C-8A02-964D3B46F14C}.Debug|x86.ActiveCfg = Debug|Win32
		{11E23252-6E6E-461C-8A02-964D3B46F14C}.Debug|x86.Build.0 = Debug|Win32
		{11E23252-6E6E-461C-8A02-964D3B46F14C}.Release|x64.ActiveCfg = Release|x64
		{11E23252-6E6E-461C-8A02-964D3B46F14C}.Release|x64.Build.0 = Release|x64
		{11E23252-6E6E-461C-8A02-964D3B46F14C}.Release|x86.ActiveCfg = Release|Win32
		{11E23252-6E6E-461C-8A02-964D3B46F14C}.Release|x86.Build.0 = Release|Win32
		{EE6BFA07-A574-4D6A-B787-E8DC0041C40D}.Debug|x64.ActiveCfg = Debug|x64
		{EE6BFA07-A574-4D6A-B787-E8DC0041C40D}.Debug|x64.Build.0 = Debug|x64
		{EE6BFA07-A574-4D6A-B787-E8DC0041C40D}.Debug|x86.ActiveCfg = Debug|Win32
		{EE6BFA07-A574-4D6A-B787-E8DC0041C40D}.Debug|x86.Build.0 = Debug|Win32
		{EE6BFA07-A574-4D6A-B787-E8DC0041C40D}.Release|x64.ActiveCfg = Release|x64
		{EE6BFA07-A574-4D6A-B787-E8DC0041C40D}.Release|x64.Build.0 = Release|x64
		{EE6BFA07-A574-4D6A-B787-E8DC0041C40D}.Release|x86.ActiveCfg = Release|Win32
		{EE6BFA07-A574-4D6A-B787-E8DC0041C40D}.Release|x86.Build.0 = Release|Win32
		{CCAEB321-2704-4B4C-AE0A-A3E81E0927CD}.Debug|x64.ActiveCfg = Debug|x64
		{CCAEB321-2704-4B4C-AE0A-A3E81E0927CD}.Debug|x64.Build.0 = Debug|x64
		{CCAEB321-2704-4B4C-AE0A-A3E81E0927CD}.Debug|x86.ActiveCfg = Debug|Win32
		{CCAEB321-2704-4B4C-AE0A-A3E81E0927CD}.Debug|x86.Build.0 = Debug|Win32
		{CCAEB321-2704-4B4C-AE0A-A3E81E0927CD}.Release|x64.ActiveCfg = Release|x64
		{CCAEB321-2704-4B4C-AE0A-A3E81E0927CD}.Release|x64.Build.0 = Release|x64
		{CCAEB321-2704-4B4C-AE0A-A3E81E0927CD}.Release|x86.ActiveCfg = Release|Win32
		{CCAEB321-2704-4B4C-AE0A-A3E81E0927CD}.Release|x86.Build.0 = Release|Win32
		{3FC8DF9B-61CA-479C-96BE-CBDE7946E86A}.Debug|x64.ActiveCfg = Debug|x64
		{3FC8DF9B-61CA-479C-96BE-CBDE7946E86A}.Debug|x64.Build.0 = Debug|x64
		{3FC8DF9B-61CA-479C-96BE-CBDE7946E86A}.Debug|x86.ActiveCfg = Debug|Win32
		{3FC8DF9B-61CA-479C-96BE-CBDE7946E86A}.Debug|x86.Build.0 = Debug|Win32
		{3FC8DF9B-61CA-479C-96BE-CBDE7946E86A}.Release|x64.ActiveCfg = Release|x64
		{3FC8DF9B-61CA-479C-96BE-CBDE7946E86A}.Release|x64.Build.0 = Release|x64
		{3FC8DF9B-61CA-479C-96BE-CBDE7946E86A}.Release|x86.ActiveCfg = Release|Win32
		{3FC8DF9B-61CA-479C-96BE-CBDE7946E86A}.Release|x86.Build.0 = Release|Win32
		{B6057364-0085-448C-A786-FBDAD6FC3B40}.Debug|x64.ActiveCfg = Debug|x64
		{B6057364-0085-448C-A786-FBDAD6FC3B40}.Debug|x64.Build.0 = Debug|x64
		{B6057364-0085-448C-A786-FBDAD6FC3B40}.Debug|x86.ActiveCfg = Debug|Win32
		{B6057364-0085-448C-A786-FBDAD6FC3B40}.Debug|x86.Build.0 = Debug|Win32
		{B6057364-0085-448C-A786-FBDAD6FC3B40}.Release|x64.ActiveCfg = Release|x64
		{B6057364-0085-448C-A786-FBDAD6FC3B40}.Release|x64.Build.0 = Release|x64
		{B6057364-0085-448C-A786-FBDAD6FC3B40}.Release|x86.ActiveCfg = Release|Win32
		{B6057364-0085-448C-A786-FBDAD6FC3B40}.Release|x86.Build.0 = Release|Win32
		{3BBD49E4-62DA-413C-88D4-410237A4AF7A}.Debug|x64.ActiveCfg = Debug|x64
		{3BBD49E4-62DA-413C-88D4-410237A4AF7A}.Debug|x64.Build.0 = Debug|x64
		{3BBD49E4-62DA-413C-88D4-410237A4AF7A}.Debug|x86.ActiveCfg = Debug|Win32
		{3BBD49E4-62DA-413C-88D4-410237A4AF7A}.Debug|x86.Build.0 = Debug|Win32
		{3BBD49E4-62DA-413C-88D4-410237A4AF7A}.Release|x64.ActiveCfg = Release|x64
		{3BBD49E4-62DA-413C-88D4-410237A4AF7A}.Release|x64.Build.0 = Release|x64
		{3BBD49E4-62DA-413C-88D4-410237A4AF7A}.Release|x86.ActiveCfg = Release|Win32
		{3BBD49E4-62DA-413C-88D4-410237A4AF7A}.Release|x86.Build.0 = Release|Win32
		{7474D27C-E250-40F1-A595-7003B22F584E}.Debug|x64.ActiveCfg = Debug|x64
		{7474D27C-E250-40F1-A595-7003B22F584E}.Debug|x64.Build.0 = Debug|x64
		{7474D27C-E250-40F1-A595-7003B22F584E}.Debug|x86.ActiveCfg = Debug|Win32
		{7474D27C-E250-40F1-A595-7003B22F584E}.Debug|x86.Build.0 = Debug|Win32
		{7474D27C-E250-40F1-A595-7003B22F584E}.Release|x64.ActiveCfg = Release|x64
		{7474D27C-E250-40F1-A595-7003B22F584E}.Release|x64.Build.0 = Release|x64
		{7474D27C-E250-40F1-A595-7003B22F584E}.Release|x86.ActiveCfg = Release|Win32
		{7474D27C-E250-40F1-A595-7003B22F584E}.Release|x86.Build.0 = Release|Win32
		{BCEAF37B-5E5B-4D50-9DCA-2B4444365312}.Debug|x64.ActiveCfg = Debug|x64
		{BCEAF37B-5E5B-4D50-9DCA-2B4444365312}.Debug|x64.Build.0 = Debug|x64
		{BCEAF37B-5E5B-4D50-9DCA-2B4444365312}.Debug|x86.ActiveCfg = Debug|Win32
		{BCEAF37B-5E5B-4D50-9DCA-2B4444365312}.Debug|x86.Build.0 = Debug|Win32
		{BCEAF37B-5E5B-4D50-9DCA-2B4444365312}.Release|x64.ActiveCfg = Release|x64
		{BCEAF37B-5E5B-4D50-9DCA-2B4444365312}.Release|x64.Build.0 = Release|x64
		{BCEAF37B-5E5B-4D50-9DCA-2B4444365312}.Release|x86.ActiveCfg = Release|Win32
		{BCEAF37B-5E5B-4D50-9DCA-2B4444365312}.Release|x86.Build.0 = Release|Win32
		{DBD03D3C-4F39-4EA2-BD71-E6F096EDC69B}.Debug|x64.ActiveCfg = Debug|x64
		{DBD03D3C-4F39-4EA2-BD71-E6F096EDC69B}.Debug|x64.Build.0 = Debug|x64
		{DBD03D3C-4F39-4EA2-BD71-E6F096EDC69B}.Debug|x86.ActiveCfg = Debug|Win32
		{DBD03D3C-4F39-4EA2-BD71-E6F096EDC69B}.Debug|x86.Build.0 = Debug|Win32
		{DBD03D3C-4F39-4EA2-BD71-E6F096EDC69B}.Release|x64.ActiveCfg = Release|x64
		{DBD03D3C-4F39-4EA2-BD71-E6F096EDC69B}.Release|x64.Build.0 = Release|x64
		{DBD03D3C-4F39-4EA2-BD71-E6F096EDC69B}.Release|x86.ActiveCfg = Release|Win32
		{DBD03D3C-4F39-4EA2-BD71-E6F096EDC69B}.Release|x86.Build.0 = Release|Win32
		{8EF62DB5-959B-422A-9C2D-D0C583C3C90B}.Debug|x64.ActiveCfg = Debug|x64
		{8EF62DB5-959B-422A-9C2D-D0C583C3C90B}.Debug|x64.Build.0 = Debug|x64
		{8EF62DB5-959B-422A-9C2D-D0C583C3C90B}.Debug|x86.ActiveCfg = Debug|Win32
		{8EF62DB5-959B-422A-9C2D-D0C583C3C90B}.Debug|x86.Build.0 = Debug|Win32
		{8EF62DB5-959B-422A-9C2D-D0C583C3C90B}.Release|x64.ActiveCfg = Release|x64
		{8EF62DB5-959B-422A-9C2D-D0C583C3C90B}.Release|x64.Build.0 = Release|x64
		{8EF62DB5-959B-422A-9C2D-D0C583C3C90B}.Release|x86.ActiveCfg = Release|Win32
		{8EF62DB5-959B-422A-9C2D-D0C583C3C90B}.Release|x86.Build.0 = Release|Win32
		{EF206877-708A-40CA-B393-C6C5724951B5}.Debug|x64.ActiveCfg = Debug|x64
		{EF206877-708A-40CA-B393-C6C5724951B5}.Debug|x64.Build.0 = Debug|x64
		{EF206877-708A-40CA-B393-C6C5724951B5}.Debug|x86.ActiveCfg = Debug|Win32
		{EF206877-708A-40CA-B393-C6C5724951B5}.Debug|x86.Build.0 = Debug|Win32
		{EF206877-708A-40CA-B393-C6C5724951B5}.Release|x64.ActiveCfg = Release|x64
		{EF206877-708A-40CA-B393-C6C5724951B5}.Release|x64.Build.0 = Release|x64
		{EF206877-708A-40CA-B393-C6C5724951B5}.Release|x86.ActiveCfg = Release|Win32
		{EF206877-708A-40CA-B393-C6C5724951B5}.Release|x86.Build.0 = Release|Win32
	EndGlobalSection
	GlobalSection(SolutionProperties) = preSolution
		HideSolutionNode = FALSE
	EndGlobalSection
	GlobalSection(ExtensibilityGlobals) = postSolution
		SolutionGuid = {39707130-64D3-4329-BEDC-789FC64CB742}
	EndGlobalSection
EndGlobal
